// !$*UTF8*$!
{
	archiveVersion = 1;
	classes = {
	};
	objectVersion = 55;
	objects = {

/* Begin PBXBuildFile section */
		552670D5271C6845001DB1A0 /* InitializeFirebase.swift in Sources */ = {isa = PBXBuildFile; fileRef = 552670D4271C6845001DB1A0 /* InitializeFirebase.swift */; };
		552670DE271D49DB001DB1A0 /* UI.framework in Frameworks */ = {isa = PBXBuildFile; fileRef = 55517B02271C5475005C8D12 /* UI.framework */; platformFilter = ios; };
		552670E4271D49FF001DB1A0 /* DeckGalleryViewModelTests.swift in Sources */ = {isa = PBXBuildFile; fileRef = 55D88B4D2716D42E006E05D7 /* DeckGalleryViewModelTests.swift */; };
		552670E5271D4A02001DB1A0 /* DeckViewViewModelTests.swift in Sources */ = {isa = PBXBuildFile; fileRef = 5580C860270E2EB20002E67C /* DeckViewViewModelTests.swift */; };
		552670E7271D4A4B001DB1A0 /* Quick in Frameworks */ = {isa = PBXBuildFile; productRef = 552670E6271D4A4B001DB1A0 /* Quick */; };
		552670E9271D4A4B001DB1A0 /* Nimble in Frameworks */ = {isa = PBXBuildFile; productRef = 552670E8271D4A4B001DB1A0 /* Nimble */; };
		552670EB271D67FA001DB1A0 /* DummyView.swift in Sources */ = {isa = PBXBuildFile; fileRef = 552670EA271D67FA001DB1A0 /* DummyView.swift */; };
		5532014B2705BF6000D3EDE7 /* FlashcardsApp.swift in Sources */ = {isa = PBXBuildFile; fileRef = 5532014A2705BF6000D3EDE7 /* FlashcardsApp.swift */; };
		5532014F2705BF6200D3EDE7 /* Assets.xcassets in Resources */ = {isa = PBXBuildFile; fileRef = 5532014E2705BF6200D3EDE7 /* Assets.xcassets */; };
		553201522705BF6200D3EDE7 /* Preview Assets.xcassets in Resources */ = {isa = PBXBuildFile; fileRef = 553201512705BF6200D3EDE7 /* Preview Assets.xcassets */; };
		554B4284271DE884003E1ED8 /* DummyScreen.swift in Sources */ = {isa = PBXBuildFile; fileRef = 554B4283271DE883003E1ED8 /* DummyScreen.swift */; };
		554B4286271DFCC8003E1ED8 /* DummyModelRepository.swift in Sources */ = {isa = PBXBuildFile; fileRef = 554B4285271DFCC8003E1ED8 /* DummyModelRepository.swift */; };
		554B4288271DFD11003E1ED8 /* DummyModel.swift in Sources */ = {isa = PBXBuildFile; fileRef = 554B4287271DFD11003E1ED8 /* DummyModel.swift */; };
		554B4291271E05A3003E1ED8 /* Common.framework in Frameworks */ = {isa = PBXBuildFile; fileRef = 55517B2D271C568F005C8D12 /* Common.framework */; platformFilter = ios; };
		554B4298271E05BE003E1ED8 /* Quick in Frameworks */ = {isa = PBXBuildFile; productRef = 554B4297271E05BE003E1ED8 /* Quick */; };
		554B429A271E05BE003E1ED8 /* Nimble in Frameworks */ = {isa = PBXBuildFile; productRef = 554B4299271E05BE003E1ED8 /* Nimble */; };
		554B429E271E05E1003E1ED8 /* DummyModelRepositoryTests.swift in Sources */ = {isa = PBXBuildFile; fileRef = 554B429D271E05E1003E1ED8 /* DummyModelRepositoryTests.swift */; };
		554B42A6271ED62B003E1ED8 /* FlashcardsReduxApp.swift in Sources */ = {isa = PBXBuildFile; fileRef = 554B42A5271ED62B003E1ED8 /* FlashcardsReduxApp.swift */; };
		554B42A8271ED62B003E1ED8 /* ContentView.swift in Sources */ = {isa = PBXBuildFile; fileRef = 554B42A7271ED62B003E1ED8 /* ContentView.swift */; };
		554B42AA271ED62D003E1ED8 /* Assets.xcassets in Resources */ = {isa = PBXBuildFile; fileRef = 554B42A9271ED62D003E1ED8 /* Assets.xcassets */; };
		554B42AD271ED62D003E1ED8 /* Preview Assets.xcassets in Resources */ = {isa = PBXBuildFile; fileRef = 554B42AC271ED62D003E1ED8 /* Preview Assets.xcassets */; };
		554B42B7271ED62D003E1ED8 /* FlashcardsReduxTests.swift in Sources */ = {isa = PBXBuildFile; fileRef = 554B42B6271ED62D003E1ED8 /* FlashcardsReduxTests.swift */; };
		554B42C1271ED62D003E1ED8 /* FlashcardsReduxUITests.swift in Sources */ = {isa = PBXBuildFile; fileRef = 554B42C0271ED62D003E1ED8 /* FlashcardsReduxUITests.swift */; };
		554B42C3271ED62D003E1ED8 /* FlashcardsReduxUITestsLaunchTests.swift in Sources */ = {isa = PBXBuildFile; fileRef = 554B42C2271ED62D003E1ED8 /* FlashcardsReduxUITestsLaunchTests.swift */; };
		554B42D1271ED65E003E1ED8 /* Common.framework in Frameworks */ = {isa = PBXBuildFile; fileRef = 55517B2D271C568F005C8D12 /* Common.framework */; };
		554B42D2271ED65E003E1ED8 /* UI.framework in Frameworks */ = {isa = PBXBuildFile; fileRef = 55517B02271C5475005C8D12 /* UI.framework */; };
		55517B06271C5475005C8D12 /* UI.docc in Sources */ = {isa = PBXBuildFile; fileRef = 55517B05271C5475005C8D12 /* UI.docc */; };
		55517B14271C5476005C8D12 /* UI.h in Headers */ = {isa = PBXBuildFile; fileRef = 55517B04271C5475005C8D12 /* UI.h */; settings = {ATTRIBUTES = (Public, ); }; };
		55517B17271C5476005C8D12 /* UI.framework in Frameworks */ = {isa = PBXBuildFile; fileRef = 55517B02271C5475005C8D12 /* UI.framework */; };
		55517B18271C5476005C8D12 /* UI.framework in Embed Frameworks */ = {isa = PBXBuildFile; fileRef = 55517B02271C5475005C8D12 /* UI.framework */; settings = {ATTRIBUTES = (CodeSignOnCopy, RemoveHeadersOnCopy, ); }; };
		55517B20271C5565005C8D12 /* ContentView.swift in Sources */ = {isa = PBXBuildFile; fileRef = 5532014C2705BF6000D3EDE7 /* ContentView.swift */; };
		55517B21271C5565005C8D12 /* ProgressBarView.swift in Sources */ = {isa = PBXBuildFile; fileRef = 55E95C822710A1D5002D1759 /* ProgressBarView.swift */; };
		55517B22271C5565005C8D12 /* DeckView.swift in Sources */ = {isa = PBXBuildFile; fileRef = 55C789E3270DF3A600056583 /* DeckView.swift */; };
		55517B23271C5565005C8D12 /* DeckGalleryView.swift in Sources */ = {isa = PBXBuildFile; fileRef = 55D88B4B2716C88D006E05D7 /* DeckGalleryView.swift */; };
		55517B24271C5565005C8D12 /* FlashcardView.swift in Sources */ = {isa = PBXBuildFile; fileRef = 55F7036E2707068F00F4BE51 /* FlashcardView.swift */; };
		55517B25271C5565005C8D12 /* CardView.swift in Sources */ = {isa = PBXBuildFile; fileRef = 553201742706859500D3EDE7 /* CardView.swift */; };
		55517B27271C565E005C8D12 /* DeckGalleryViewModel.swift in Sources */ = {isa = PBXBuildFile; fileRef = D1C297B62719B3FE00235224 /* DeckGalleryViewModel.swift */; };
		55517B31271C568F005C8D12 /* Common.docc in Sources */ = {isa = PBXBuildFile; fileRef = 55517B30271C568F005C8D12 /* Common.docc */; };
		55517B32271C568F005C8D12 /* Common.h in Headers */ = {isa = PBXBuildFile; fileRef = 55517B2F271C568F005C8D12 /* Common.h */; settings = {ATTRIBUTES = (Public, ); }; };
		55517B35271C568F005C8D12 /* Common.framework in Frameworks */ = {isa = PBXBuildFile; fileRef = 55517B2D271C568F005C8D12 /* Common.framework */; };
		55517B36271C568F005C8D12 /* Common.framework in Embed Frameworks */ = {isa = PBXBuildFile; fileRef = 55517B2D271C568F005C8D12 /* Common.framework */; settings = {ATTRIBUTES = (CodeSignOnCopy, RemoveHeadersOnCopy, ); }; };
		55517B3A271C56BE005C8D12 /* FlashcardModel.swift in Sources */ = {isa = PBXBuildFile; fileRef = 55C789DB270DF28100056583 /* FlashcardModel.swift */; };
		55517B3B271C56BE005C8D12 /* DeckModel.swift in Sources */ = {isa = PBXBuildFile; fileRef = D1C297B12719A89E00235224 /* DeckModel.swift */; };
		55517B3F271C571A005C8D12 /* DeckViewModel.swift in Sources */ = {isa = PBXBuildFile; fileRef = D1C297B42719B38700235224 /* DeckViewModel.swift */; };
		55517B40271C57E1005C8D12 /* FlashcardRepository.swift in Sources */ = {isa = PBXBuildFile; fileRef = 55C789E1270DF2F700056583 /* FlashcardRepository.swift */; };
		55517B41271C57E1005C8D12 /* FlashcardService.swift in Sources */ = {isa = PBXBuildFile; fileRef = 55C789DE270DF2A100056583 /* FlashcardService.swift */; };
		55517B43271C581C005C8D12 /* FirebaseFirestore in Frameworks */ = {isa = PBXBuildFile; productRef = 55517B42271C581C005C8D12 /* FirebaseFirestore */; };
		55517B45271C581C005C8D12 /* FirebaseFirestoreSwift-Beta in Frameworks */ = {isa = PBXBuildFile; productRef = 55517B44271C581C005C8D12 /* FirebaseFirestoreSwift-Beta */; };
		55517B4A271C58D5005C8D12 /* Common.framework in Frameworks */ = {isa = PBXBuildFile; fileRef = 55517B2D271C568F005C8D12 /* Common.framework */; };
		55517B4B271C59C6005C8D12 /* Mocks.swift in Sources */ = {isa = PBXBuildFile; fileRef = D1C297BB2719B75100235224 /* Mocks.swift */; };
		5580C85D270E2E130002E67C /* Nimble in Frameworks */ = {isa = PBXBuildFile; productRef = 5580C85C270E2E130002E67C /* Nimble */; };
		5580C85F270E2E160002E67C /* Quick in Frameworks */ = {isa = PBXBuildFile; productRef = 5580C85E270E2E160002E67C /* Quick */; };
		D10BFFB627109C9800E8957E /* GoogleService-Info.plist in Resources */ = {isa = PBXBuildFile; fileRef = D10BFFB527109C9800E8957E /* GoogleService-Info.plist */; };
		D10BFFBD27109EED00E8957E /* AppDelegate.swift in Sources */ = {isa = PBXBuildFile; fileRef = D10BFFBC27109EED00E8957E /* AppDelegate.swift */; };
		D1C297BA2719B56F00235224 /* Environment.swift in Sources */ = {isa = PBXBuildFile; fileRef = D1C297B92719B56F00235224 /* Environment.swift */; };
/* End PBXBuildFile section */

/* Begin PBXContainerItemProxy section */
		552670DF271D49DB001DB1A0 /* PBXContainerItemProxy */ = {
			isa = PBXContainerItemProxy;
			containerPortal = 5532013F2705BF6000D3EDE7 /* Project object */;
			proxyType = 1;
			remoteGlobalIDString = 55517B01271C5475005C8D12;
			remoteInfo = UI;
		};
		553201582705BF6200D3EDE7 /* PBXContainerItemProxy */ = {
			isa = PBXContainerItemProxy;
			containerPortal = 5532013F2705BF6000D3EDE7 /* Project object */;
			proxyType = 1;
			remoteGlobalIDString = 553201462705BF6000D3EDE7;
			remoteInfo = Flashcards;
		};
		554B4292271E05A3003E1ED8 /* PBXContainerItemProxy */ = {
			isa = PBXContainerItemProxy;
			containerPortal = 5532013F2705BF6000D3EDE7 /* Project object */;
			proxyType = 1;
			remoteGlobalIDString = 55517B2C271C568F005C8D12;
			remoteInfo = Common;
		};
		554B42B3271ED62D003E1ED8 /* PBXContainerItemProxy */ = {
			isa = PBXContainerItemProxy;
			containerPortal = 5532013F2705BF6000D3EDE7 /* Project object */;
			proxyType = 1;
			remoteGlobalIDString = 554B42A2271ED62B003E1ED8;
			remoteInfo = FlashcardsRedux;
		};
		554B42BD271ED62D003E1ED8 /* PBXContainerItemProxy */ = {
			isa = PBXContainerItemProxy;
			containerPortal = 5532013F2705BF6000D3EDE7 /* Project object */;
			proxyType = 1;
			remoteGlobalIDString = 554B42A2271ED62B003E1ED8;
			remoteInfo = FlashcardsRedux;
		};
		554B42CD271ED658003E1ED8 /* PBXContainerItemProxy */ = {
			isa = PBXContainerItemProxy;
			containerPortal = 5532013F2705BF6000D3EDE7 /* Project object */;
			proxyType = 1;
			remoteGlobalIDString = 55517B2C271C568F005C8D12;
			remoteInfo = Common;
		};
		554B42CF271ED658003E1ED8 /* PBXContainerItemProxy */ = {
			isa = PBXContainerItemProxy;
			containerPortal = 5532013F2705BF6000D3EDE7 /* Project object */;
			proxyType = 1;
			remoteGlobalIDString = 55517B01271C5475005C8D12;
			remoteInfo = UI;
		};
		55517B15271C5476005C8D12 /* PBXContainerItemProxy */ = {
			isa = PBXContainerItemProxy;
			containerPortal = 5532013F2705BF6000D3EDE7 /* Project object */;
			proxyType = 1;
			remoteGlobalIDString = 55517B01271C5475005C8D12;
			remoteInfo = UI;
		};
		55517B33271C568F005C8D12 /* PBXContainerItemProxy */ = {
			isa = PBXContainerItemProxy;
			containerPortal = 5532013F2705BF6000D3EDE7 /* Project object */;
			proxyType = 1;
			remoteGlobalIDString = 55517B2C271C568F005C8D12;
			remoteInfo = Common;
		};
		55517B3C271C56DE005C8D12 /* PBXContainerItemProxy */ = {
			isa = PBXContainerItemProxy;
			containerPortal = 5532013F2705BF6000D3EDE7 /* Project object */;
			proxyType = 1;
			remoteGlobalIDString = 55517B2C271C568F005C8D12;
			remoteInfo = Common;
		};
/* End PBXContainerItemProxy section */

/* Begin PBXCopyFilesBuildPhase section */
		55517B19271C5476005C8D12 /* Embed Frameworks */ = {
			isa = PBXCopyFilesBuildPhase;
			buildActionMask = 2147483647;
			dstPath = "";
			dstSubfolderSpec = 10;
			files = (
				55517B18271C5476005C8D12 /* UI.framework in Embed Frameworks */,
				55517B36271C568F005C8D12 /* Common.framework in Embed Frameworks */,
			);
			name = "Embed Frameworks";
			runOnlyForDeploymentPostprocessing = 0;
		};
/* End PBXCopyFilesBuildPhase section */

/* Begin PBXFileReference section */
		552670D4271C6845001DB1A0 /* InitializeFirebase.swift */ = {isa = PBXFileReference; lastKnownFileType = sourcecode.swift; path = InitializeFirebase.swift; sourceTree = "<group>"; };
		552670DA271D49DB001DB1A0 /* UITests.xctest */ = {isa = PBXFileReference; explicitFileType = wrapper.cfbundle; includeInIndex = 0; path = UITests.xctest; sourceTree = BUILT_PRODUCTS_DIR; };
		552670EA271D67FA001DB1A0 /* DummyView.swift */ = {isa = PBXFileReference; lastKnownFileType = sourcecode.swift; path = DummyView.swift; sourceTree = "<group>"; };
		553201472705BF6000D3EDE7 /* Flashcards.app */ = {isa = PBXFileReference; explicitFileType = wrapper.application; includeInIndex = 0; path = Flashcards.app; sourceTree = BUILT_PRODUCTS_DIR; };
		5532014A2705BF6000D3EDE7 /* FlashcardsApp.swift */ = {isa = PBXFileReference; lastKnownFileType = sourcecode.swift; path = FlashcardsApp.swift; sourceTree = "<group>"; };
		5532014C2705BF6000D3EDE7 /* ContentView.swift */ = {isa = PBXFileReference; lastKnownFileType = sourcecode.swift; path = ContentView.swift; sourceTree = "<group>"; };
		5532014E2705BF6200D3EDE7 /* Assets.xcassets */ = {isa = PBXFileReference; lastKnownFileType = folder.assetcatalog; path = Assets.xcassets; sourceTree = "<group>"; };
		553201512705BF6200D3EDE7 /* Preview Assets.xcassets */ = {isa = PBXFileReference; lastKnownFileType = folder.assetcatalog; path = "Preview Assets.xcassets"; sourceTree = "<group>"; };
		553201572705BF6200D3EDE7 /* FlashcardsTests.xctest */ = {isa = PBXFileReference; explicitFileType = wrapper.cfbundle; includeInIndex = 0; path = FlashcardsTests.xctest; sourceTree = BUILT_PRODUCTS_DIR; };
		553201742706859500D3EDE7 /* CardView.swift */ = {isa = PBXFileReference; lastKnownFileType = sourcecode.swift; path = CardView.swift; sourceTree = "<group>"; };
		554B4283271DE883003E1ED8 /* DummyScreen.swift */ = {isa = PBXFileReference; lastKnownFileType = sourcecode.swift; path = DummyScreen.swift; sourceTree = "<group>"; };
		554B4285271DFCC8003E1ED8 /* DummyModelRepository.swift */ = {isa = PBXFileReference; lastKnownFileType = sourcecode.swift; path = DummyModelRepository.swift; sourceTree = "<group>"; };
		554B4287271DFD11003E1ED8 /* DummyModel.swift */ = {isa = PBXFileReference; lastKnownFileType = sourcecode.swift; path = DummyModel.swift; sourceTree = "<group>"; };
		554B428D271E05A3003E1ED8 /* CommonTests.xctest */ = {isa = PBXFileReference; explicitFileType = wrapper.cfbundle; includeInIndex = 0; path = CommonTests.xctest; sourceTree = BUILT_PRODUCTS_DIR; };
		554B429D271E05E1003E1ED8 /* DummyModelRepositoryTests.swift */ = {isa = PBXFileReference; lastKnownFileType = sourcecode.swift; path = DummyModelRepositoryTests.swift; sourceTree = "<group>"; };
		554B42A3271ED62B003E1ED8 /* FlashcardsRedux.app */ = {isa = PBXFileReference; explicitFileType = wrapper.application; includeInIndex = 0; path = FlashcardsRedux.app; sourceTree = BUILT_PRODUCTS_DIR; };
		554B42A5271ED62B003E1ED8 /* FlashcardsReduxApp.swift */ = {isa = PBXFileReference; lastKnownFileType = sourcecode.swift; path = FlashcardsReduxApp.swift; sourceTree = "<group>"; };
		554B42A7271ED62B003E1ED8 /* ContentView.swift */ = {isa = PBXFileReference; lastKnownFileType = sourcecode.swift; path = ContentView.swift; sourceTree = "<group>"; };
		554B42A9271ED62D003E1ED8 /* Assets.xcassets */ = {isa = PBXFileReference; lastKnownFileType = folder.assetcatalog; path = Assets.xcassets; sourceTree = "<group>"; };
		554B42AC271ED62D003E1ED8 /* Preview Assets.xcassets */ = {isa = PBXFileReference; lastKnownFileType = folder.assetcatalog; path = "Preview Assets.xcassets"; sourceTree = "<group>"; };
		554B42B2271ED62D003E1ED8 /* FlashcardsReduxTests.xctest */ = {isa = PBXFileReference; explicitFileType = wrapper.cfbundle; includeInIndex = 0; path = FlashcardsReduxTests.xctest; sourceTree = BUILT_PRODUCTS_DIR; };
		554B42B6271ED62D003E1ED8 /* FlashcardsReduxTests.swift */ = {isa = PBXFileReference; lastKnownFileType = sourcecode.swift; path = FlashcardsReduxTests.swift; sourceTree = "<group>"; };
		554B42BC271ED62D003E1ED8 /* FlashcardsReduxUITests.xctest */ = {isa = PBXFileReference; explicitFileType = wrapper.cfbundle; includeInIndex = 0; path = FlashcardsReduxUITests.xctest; sourceTree = BUILT_PRODUCTS_DIR; };
		554B42C0271ED62D003E1ED8 /* FlashcardsReduxUITests.swift */ = {isa = PBXFileReference; lastKnownFileType = sourcecode.swift; path = FlashcardsReduxUITests.swift; sourceTree = "<group>"; };
		554B42C2271ED62D003E1ED8 /* FlashcardsReduxUITestsLaunchTests.swift */ = {isa = PBXFileReference; lastKnownFileType = sourcecode.swift; path = FlashcardsReduxUITestsLaunchTests.swift; sourceTree = "<group>"; };
		55517B02271C5475005C8D12 /* UI.framework */ = {isa = PBXFileReference; explicitFileType = wrapper.framework; includeInIndex = 0; path = UI.framework; sourceTree = BUILT_PRODUCTS_DIR; };
		55517B04271C5475005C8D12 /* UI.h */ = {isa = PBXFileReference; lastKnownFileType = sourcecode.c.h; path = UI.h; sourceTree = "<group>"; };
		55517B05271C5475005C8D12 /* UI.docc */ = {isa = PBXFileReference; lastKnownFileType = folder.documentationcatalog; path = UI.docc; sourceTree = "<group>"; };
		55517B2D271C568F005C8D12 /* Common.framework */ = {isa = PBXFileReference; explicitFileType = wrapper.framework; includeInIndex = 0; path = Common.framework; sourceTree = BUILT_PRODUCTS_DIR; };
		55517B2F271C568F005C8D12 /* Common.h */ = {isa = PBXFileReference; lastKnownFileType = sourcecode.c.h; path = Common.h; sourceTree = "<group>"; };
		55517B30271C568F005C8D12 /* Common.docc */ = {isa = PBXFileReference; lastKnownFileType = folder.documentationcatalog; path = Common.docc; sourceTree = "<group>"; };
		5580C860270E2EB20002E67C /* DeckViewViewModelTests.swift */ = {isa = PBXFileReference; lastKnownFileType = sourcecode.swift; path = DeckViewViewModelTests.swift; sourceTree = "<group>"; };
		55C789DB270DF28100056583 /* FlashcardModel.swift */ = {isa = PBXFileReference; lastKnownFileType = sourcecode.swift; path = FlashcardModel.swift; sourceTree = "<group>"; };
		55C789DE270DF2A100056583 /* FlashcardService.swift */ = {isa = PBXFileReference; lastKnownFileType = sourcecode.swift; path = FlashcardService.swift; sourceTree = "<group>"; };
		55C789E1270DF2F700056583 /* FlashcardRepository.swift */ = {isa = PBXFileReference; lastKnownFileType = sourcecode.swift; path = FlashcardRepository.swift; sourceTree = "<group>"; };
		55C789E3270DF3A600056583 /* DeckView.swift */ = {isa = PBXFileReference; lastKnownFileType = sourcecode.swift; path = DeckView.swift; sourceTree = "<group>"; };
		55D88B4B2716C88D006E05D7 /* DeckGalleryView.swift */ = {isa = PBXFileReference; lastKnownFileType = sourcecode.swift; path = DeckGalleryView.swift; sourceTree = "<group>"; };
		55D88B4D2716D42E006E05D7 /* DeckGalleryViewModelTests.swift */ = {isa = PBXFileReference; lastKnownFileType = sourcecode.swift; path = DeckGalleryViewModelTests.swift; sourceTree = "<group>"; };
		55E95C822710A1D5002D1759 /* ProgressBarView.swift */ = {isa = PBXFileReference; lastKnownFileType = sourcecode.swift; path = ProgressBarView.swift; sourceTree = "<group>"; };
		55F7036E2707068F00F4BE51 /* FlashcardView.swift */ = {isa = PBXFileReference; lastKnownFileType = sourcecode.swift; path = FlashcardView.swift; sourceTree = "<group>"; };
		D10BFFB527109C9800E8957E /* GoogleService-Info.plist */ = {isa = PBXFileReference; fileEncoding = 4; lastKnownFileType = text.plist.xml; path = "GoogleService-Info.plist"; sourceTree = "<group>"; };
		D10BFFBC27109EED00E8957E /* AppDelegate.swift */ = {isa = PBXFileReference; lastKnownFileType = sourcecode.swift; path = AppDelegate.swift; sourceTree = "<group>"; };
		D1C297B12719A89E00235224 /* DeckModel.swift */ = {isa = PBXFileReference; lastKnownFileType = sourcecode.swift; path = DeckModel.swift; sourceTree = "<group>"; };
		D1C297B42719B38700235224 /* DeckViewModel.swift */ = {isa = PBXFileReference; lastKnownFileType = sourcecode.swift; path = DeckViewModel.swift; sourceTree = "<group>"; };
		D1C297B62719B3FE00235224 /* DeckGalleryViewModel.swift */ = {isa = PBXFileReference; lastKnownFileType = sourcecode.swift; path = DeckGalleryViewModel.swift; sourceTree = "<group>"; };
		D1C297B92719B56F00235224 /* Environment.swift */ = {isa = PBXFileReference; lastKnownFileType = sourcecode.swift; path = Environment.swift; sourceTree = "<group>"; };
		D1C297BB2719B75100235224 /* Mocks.swift */ = {isa = PBXFileReference; lastKnownFileType = sourcecode.swift; path = Mocks.swift; sourceTree = "<group>"; };
/* End PBXFileReference section */

/* Begin PBXFrameworksBuildPhase section */
		552670D7271D49DB001DB1A0 /* Frameworks */ = {
			isa = PBXFrameworksBuildPhase;
			buildActionMask = 2147483647;
			files = (
				552670E9271D4A4B001DB1A0 /* Nimble in Frameworks */,
				552670E7271D4A4B001DB1A0 /* Quick in Frameworks */,
				552670DE271D49DB001DB1A0 /* UI.framework in Frameworks */,
			);
			runOnlyForDeploymentPostprocessing = 0;
		};
		553201442705BF6000D3EDE7 /* Frameworks */ = {
			isa = PBXFrameworksBuildPhase;
			buildActionMask = 2147483647;
			files = (
				55517B17271C5476005C8D12 /* UI.framework in Frameworks */,
				55517B35271C568F005C8D12 /* Common.framework in Frameworks */,
			);
			runOnlyForDeploymentPostprocessing = 0;
		};
		553201542705BF6200D3EDE7 /* Frameworks */ = {
			isa = PBXFrameworksBuildPhase;
			buildActionMask = 2147483647;
			files = (
				5580C85F270E2E160002E67C /* Quick in Frameworks */,
				5580C85D270E2E130002E67C /* Nimble in Frameworks */,
			);
			runOnlyForDeploymentPostprocessing = 0;
		};
		554B428A271E05A3003E1ED8 /* Frameworks */ = {
			isa = PBXFrameworksBuildPhase;
			buildActionMask = 2147483647;
			files = (
				554B429A271E05BE003E1ED8 /* Nimble in Frameworks */,
				554B4298271E05BE003E1ED8 /* Quick in Frameworks */,
				554B4291271E05A3003E1ED8 /* Common.framework in Frameworks */,
			);
			runOnlyForDeploymentPostprocessing = 0;
		};
		554B42A0271ED62B003E1ED8 /* Frameworks */ = {
			isa = PBXFrameworksBuildPhase;
			buildActionMask = 2147483647;
			files = (
				554B42D1271ED65E003E1ED8 /* Common.framework in Frameworks */,
				554B42D2271ED65E003E1ED8 /* UI.framework in Frameworks */,
			);
			runOnlyForDeploymentPostprocessing = 0;
		};
		554B42AF271ED62D003E1ED8 /* Frameworks */ = {
			isa = PBXFrameworksBuildPhase;
			buildActionMask = 2147483647;
			files = (
			);
			runOnlyForDeploymentPostprocessing = 0;
		};
		554B42B9271ED62D003E1ED8 /* Frameworks */ = {
			isa = PBXFrameworksBuildPhase;
			buildActionMask = 2147483647;
			files = (
			);
			runOnlyForDeploymentPostprocessing = 0;
		};
		55517AFF271C5475005C8D12 /* Frameworks */ = {
			isa = PBXFrameworksBuildPhase;
			buildActionMask = 2147483647;
			files = (
				55517B4A271C58D5005C8D12 /* Common.framework in Frameworks */,
			);
			runOnlyForDeploymentPostprocessing = 0;
		};
		55517B2A271C568F005C8D12 /* Frameworks */ = {
			isa = PBXFrameworksBuildPhase;
			buildActionMask = 2147483647;
			files = (
				55517B43271C581C005C8D12 /* FirebaseFirestore in Frameworks */,
				55517B45271C581C005C8D12 /* FirebaseFirestoreSwift-Beta in Frameworks */,
			);
			runOnlyForDeploymentPostprocessing = 0;
		};
/* End PBXFrameworksBuildPhase section */

/* Begin PBXGroup section */
		552670DB271D49DB001DB1A0 /* UITests */ = {
			isa = PBXGroup;
			children = (
				5580C860270E2EB20002E67C /* DeckViewViewModelTests.swift */,
				55D88B4D2716D42E006E05D7 /* DeckGalleryViewModelTests.swift */,
			);
			path = UITests;
			sourceTree = "<group>";
		};
		5532013E2705BF6000D3EDE7 = {
			isa = PBXGroup;
			children = (
				5532014A2705BF6000D3EDE7 /* FlashcardsApp.swift */,
				55517B2E271C568F005C8D12 /* Common */,
				554B428E271E05A3003E1ED8 /* CommonTests */,
				553201492705BF6000D3EDE7 /* Flashcards */,
				554B42A4271ED62B003E1ED8 /* FlashcardsRedux */,
				554B42B5271ED62D003E1ED8 /* FlashcardsReduxTests */,
				554B42BF271ED62D003E1ED8 /* FlashcardsReduxUITests */,
				5580C85B270E2E130002E67C /* Frameworks */,
				553201482705BF6000D3EDE7 /* Products */,
				55517B03271C5475005C8D12 /* UI */,
				552670DB271D49DB001DB1A0 /* UITests */,
			);
			sourceTree = "<group>";
		};
		553201482705BF6000D3EDE7 /* Products */ = {
			isa = PBXGroup;
			children = (
				553201472705BF6000D3EDE7 /* Flashcards.app */,
				553201572705BF6200D3EDE7 /* FlashcardsTests.xctest */,
				55517B02271C5475005C8D12 /* UI.framework */,
				55517B2D271C568F005C8D12 /* Common.framework */,
				552670DA271D49DB001DB1A0 /* UITests.xctest */,
				554B428D271E05A3003E1ED8 /* CommonTests.xctest */,
				554B42A3271ED62B003E1ED8 /* FlashcardsRedux.app */,
				554B42B2271ED62D003E1ED8 /* FlashcardsReduxTests.xctest */,
				554B42BC271ED62D003E1ED8 /* FlashcardsReduxUITests.xctest */,
			);
			name = Products;
			sourceTree = "<group>";
		};
		553201492705BF6000D3EDE7 /* Flashcards */ = {
			isa = PBXGroup;
			children = (
				D10BFFBC27109EED00E8957E /* AppDelegate.swift */,
				5532014E2705BF6200D3EDE7 /* Assets.xcassets */,
				553201502705BF6200D3EDE7 /* Preview Content */,
				D10BFFB527109C9800E8957E /* GoogleService-Info.plist */,
				554B4283271DE883003E1ED8 /* DummyScreen.swift */,
			);
			path = Flashcards;
			sourceTree = "<group>";
		};
		553201502705BF6200D3EDE7 /* Preview Content */ = {
			isa = PBXGroup;
			children = (
				553201512705BF6200D3EDE7 /* Preview Assets.xcassets */,
			);
			path = "Preview Content";
			sourceTree = "<group>";
		};
		554B428E271E05A3003E1ED8 /* CommonTests */ = {
			isa = PBXGroup;
			children = (
				554B429B271E05C8003E1ED8 /* Repositories */,
			);
			path = CommonTests;
			sourceTree = "<group>";
		};
		554B429B271E05C8003E1ED8 /* Repositories */ = {
			isa = PBXGroup;
			children = (
				554B429D271E05E1003E1ED8 /* DummyModelRepositoryTests.swift */,
			);
			path = Repositories;
			sourceTree = "<group>";
		};
		554B42A4271ED62B003E1ED8 /* FlashcardsRedux */ = {
			isa = PBXGroup;
			children = (
				554B42A5271ED62B003E1ED8 /* FlashcardsReduxApp.swift */,
				554B42A7271ED62B003E1ED8 /* ContentView.swift */,
				554B42A9271ED62D003E1ED8 /* Assets.xcassets */,
				554B42AB271ED62D003E1ED8 /* Preview Content */,
			);
			path = FlashcardsRedux;
			sourceTree = "<group>";
		};
		554B42AB271ED62D003E1ED8 /* Preview Content */ = {
			isa = PBXGroup;
			children = (
				554B42AC271ED62D003E1ED8 /* Preview Assets.xcassets */,
			);
			path = "Preview Content";
			sourceTree = "<group>";
		};
		554B42B5271ED62D003E1ED8 /* FlashcardsReduxTests */ = {
			isa = PBXGroup;
			children = (
				554B42B6271ED62D003E1ED8 /* FlashcardsReduxTests.swift */,
			);
			path = FlashcardsReduxTests;
			sourceTree = "<group>";
		};
		554B42BF271ED62D003E1ED8 /* FlashcardsReduxUITests */ = {
			isa = PBXGroup;
			children = (
				554B42C0271ED62D003E1ED8 /* FlashcardsReduxUITests.swift */,
				554B42C2271ED62D003E1ED8 /* FlashcardsReduxUITestsLaunchTests.swift */,
			);
			path = FlashcardsReduxUITests;
			sourceTree = "<group>";
		};
		55517B03271C5475005C8D12 /* UI */ = {
			isa = PBXGroup;
			children = (
				55F703702708844700F4BE51 /* Views */,
				55517B04271C5475005C8D12 /* UI.h */,
				55517B05271C5475005C8D12 /* UI.docc */,
			);
			path = UI;
			sourceTree = "<group>";
		};
		55517B26271C564E005C8D12 /* Deck Gallery */ = {
			isa = PBXGroup;
			children = (
				D1C297B62719B3FE00235224 /* DeckGalleryViewModel.swift */,
				55D88B4B2716C88D006E05D7 /* DeckGalleryView.swift */,
			);
			path = "Deck Gallery";
			sourceTree = "<group>";
		};
		55517B2E271C568F005C8D12 /* Common */ = {
			isa = PBXGroup;
			children = (
				55517B30271C568F005C8D12 /* Common.docc */,
				55517B2F271C568F005C8D12 /* Common.h */,
				55C789DA270DF26500056583 /* Models */,
				55C789E0270DF2D100056583 /* Repositories */,
				55C789DD270DF29300056583 /* Services */,
				D1C297B82719B55E00235224 /* Utils */,
			);
			path = Common;
			sourceTree = "<group>";
		};
		55517B3E271C570E005C8D12 /* Deck View */ = {
			isa = PBXGroup;
			children = (
				D1C297B42719B38700235224 /* DeckViewModel.swift */,
				55C789E3270DF3A600056583 /* DeckView.swift */,
			);
			path = "Deck View";
			sourceTree = "<group>";
		};
		5580C85B270E2E130002E67C /* Frameworks */ = {
			isa = PBXGroup;
			children = (
			);
			name = Frameworks;
			sourceTree = "<group>";
		};
		55C789DA270DF26500056583 /* Models */ = {
			isa = PBXGroup;
			children = (
				55C789DB270DF28100056583 /* FlashcardModel.swift */,
				D1C297B12719A89E00235224 /* DeckModel.swift */,
				554B4287271DFD11003E1ED8 /* DummyModel.swift */,
			);
			path = Models;
			sourceTree = "<group>";
		};
		55C789DD270DF29300056583 /* Services */ = {
			isa = PBXGroup;
			children = (
				55C789DE270DF2A100056583 /* FlashcardService.swift */,
				552670D4271C6845001DB1A0 /* InitializeFirebase.swift */,
			);
			path = Services;
			sourceTree = "<group>";
		};
		55C789E0270DF2D100056583 /* Repositories */ = {
			isa = PBXGroup;
			children = (
				55C789E1270DF2F700056583 /* FlashcardRepository.swift */,
				554B4285271DFCC8003E1ED8 /* DummyModelRepository.swift */,
			);
			path = Repositories;
			sourceTree = "<group>";
		};
		55F703702708844700F4BE51 /* Views */ = {
			isa = PBXGroup;
			children = (
				55517B3E271C570E005C8D12 /* Deck View */,
				55517B26271C564E005C8D12 /* Deck Gallery */,
				5532014C2705BF6000D3EDE7 /* ContentView.swift */,
				553201742706859500D3EDE7 /* CardView.swift */,
				55F7036E2707068F00F4BE51 /* FlashcardView.swift */,
				55E95C822710A1D5002D1759 /* ProgressBarView.swift */,
				552670EA271D67FA001DB1A0 /* DummyView.swift */,
			);
			path = Views;
			sourceTree = "<group>";
		};
		D1C297B82719B55E00235224 /* Utils */ = {
			isa = PBXGroup;
			children = (
				D1C297B92719B56F00235224 /* Environment.swift */,
				D1C297BB2719B75100235224 /* Mocks.swift */,
			);
			path = Utils;
			sourceTree = "<group>";
		};
/* End PBXGroup section */

/* Begin PBXHeadersBuildPhase section */
		55517AFD271C5475005C8D12 /* Headers */ = {
			isa = PBXHeadersBuildPhase;
			buildActionMask = 2147483647;
			files = (
				55517B14271C5476005C8D12 /* UI.h in Headers */,
			);
			runOnlyForDeploymentPostprocessing = 0;
		};
		55517B28271C568F005C8D12 /* Headers */ = {
			isa = PBXHeadersBuildPhase;
			buildActionMask = 2147483647;
			files = (
				55517B32271C568F005C8D12 /* Common.h in Headers */,
			);
			runOnlyForDeploymentPostprocessing = 0;
		};
/* End PBXHeadersBuildPhase section */

/* Begin PBXNativeTarget section */
		552670D9271D49DB001DB1A0 /* UITests */ = {
			isa = PBXNativeTarget;
			buildConfigurationList = 552670E3271D49DB001DB1A0 /* Build configuration list for PBXNativeTarget "UITests" */;
			buildPhases = (
				552670D6271D49DB001DB1A0 /* Sources */,
				552670D7271D49DB001DB1A0 /* Frameworks */,
				552670D8271D49DB001DB1A0 /* Resources */,
			);
			buildRules = (
			);
			dependencies = (
				552670E0271D49DB001DB1A0 /* PBXTargetDependency */,
			);
			name = UITests;
			packageProductDependencies = (
				552670E6271D4A4B001DB1A0 /* Quick */,
				552670E8271D4A4B001DB1A0 /* Nimble */,
			);
			productName = UITests;
			productReference = 552670DA271D49DB001DB1A0 /* UITests.xctest */;
			productType = "com.apple.product-type.bundle.unit-test";
		};
		553201462705BF6000D3EDE7 /* Flashcards */ = {
			isa = PBXNativeTarget;
			buildConfigurationList = 5532016B2705BF6200D3EDE7 /* Build configuration list for PBXNativeTarget "Flashcards" */;
			buildPhases = (
				553201432705BF6000D3EDE7 /* Sources */,
				553201442705BF6000D3EDE7 /* Frameworks */,
				553201452705BF6000D3EDE7 /* Resources */,
				55517B19271C5476005C8D12 /* Embed Frameworks */,
			);
			buildRules = (
			);
			dependencies = (
				55517B16271C5476005C8D12 /* PBXTargetDependency */,
				55517B34271C568F005C8D12 /* PBXTargetDependency */,
			);
			name = Flashcards;
			packageProductDependencies = (
			);
			productName = Flashcards;
			productReference = 553201472705BF6000D3EDE7 /* Flashcards.app */;
			productType = "com.apple.product-type.application";
		};
		553201562705BF6200D3EDE7 /* FlashcardsTests */ = {
			isa = PBXNativeTarget;
			buildConfigurationList = 5532016E2705BF6200D3EDE7 /* Build configuration list for PBXNativeTarget "FlashcardsTests" */;
			buildPhases = (
				553201532705BF6200D3EDE7 /* Sources */,
				553201542705BF6200D3EDE7 /* Frameworks */,
				553201552705BF6200D3EDE7 /* Resources */,
			);
			buildRules = (
			);
			dependencies = (
				553201592705BF6200D3EDE7 /* PBXTargetDependency */,
			);
			name = FlashcardsTests;
			packageProductDependencies = (
				5580C85C270E2E130002E67C /* Nimble */,
				5580C85E270E2E160002E67C /* Quick */,
			);
			productName = FlashcardsTests;
			productReference = 553201572705BF6200D3EDE7 /* FlashcardsTests.xctest */;
			productType = "com.apple.product-type.bundle.unit-test";
		};
		554B428C271E05A3003E1ED8 /* CommonTests */ = {
			isa = PBXNativeTarget;
			buildConfigurationList = 554B4294271E05A3003E1ED8 /* Build configuration list for PBXNativeTarget "CommonTests" */;
			buildPhases = (
				554B4289271E05A3003E1ED8 /* Sources */,
				554B428A271E05A3003E1ED8 /* Frameworks */,
				554B428B271E05A3003E1ED8 /* Resources */,
			);
			buildRules = (
			);
			dependencies = (
				554B4293271E05A3003E1ED8 /* PBXTargetDependency */,
			);
			name = CommonTests;
			packageProductDependencies = (
				554B4297271E05BE003E1ED8 /* Quick */,
				554B4299271E05BE003E1ED8 /* Nimble */,
			);
			productName = CommonTests;
			productReference = 554B428D271E05A3003E1ED8 /* CommonTests.xctest */;
			productType = "com.apple.product-type.bundle.unit-test";
		};
		554B42A2271ED62B003E1ED8 /* FlashcardsRedux */ = {
			isa = PBXNativeTarget;
			buildConfigurationList = 554B42C4271ED62D003E1ED8 /* Build configuration list for PBXNativeTarget "FlashcardsRedux" */;
			buildPhases = (
				554B429F271ED62B003E1ED8 /* Sources */,
				554B42A0271ED62B003E1ED8 /* Frameworks */,
				554B42A1271ED62B003E1ED8 /* Resources */,
			);
			buildRules = (
			);
			dependencies = (
				554B42CE271ED658003E1ED8 /* PBXTargetDependency */,
				554B42D0271ED658003E1ED8 /* PBXTargetDependency */,
			);
			name = FlashcardsRedux;
			productName = FlashcardsRedux;
			productReference = 554B42A3271ED62B003E1ED8 /* FlashcardsRedux.app */;
			productType = "com.apple.product-type.application";
		};
		554B42B1271ED62D003E1ED8 /* FlashcardsReduxTests */ = {
			isa = PBXNativeTarget;
			buildConfigurationList = 554B42C7271ED62D003E1ED8 /* Build configuration list for PBXNativeTarget "FlashcardsReduxTests" */;
			buildPhases = (
				554B42AE271ED62D003E1ED8 /* Sources */,
				554B42AF271ED62D003E1ED8 /* Frameworks */,
				554B42B0271ED62D003E1ED8 /* Resources */,
			);
			buildRules = (
			);
			dependencies = (
				554B42B4271ED62D003E1ED8 /* PBXTargetDependency */,
			);
			name = FlashcardsReduxTests;
			productName = FlashcardsReduxTests;
			productReference = 554B42B2271ED62D003E1ED8 /* FlashcardsReduxTests.xctest */;
			productType = "com.apple.product-type.bundle.unit-test";
		};
		554B42BB271ED62D003E1ED8 /* FlashcardsReduxUITests */ = {
			isa = PBXNativeTarget;
			buildConfigurationList = 554B42CA271ED62D003E1ED8 /* Build configuration list for PBXNativeTarget "FlashcardsReduxUITests" */;
			buildPhases = (
				554B42B8271ED62D003E1ED8 /* Sources */,
				554B42B9271ED62D003E1ED8 /* Frameworks */,
				554B42BA271ED62D003E1ED8 /* Resources */,
			);
			buildRules = (
			);
			dependencies = (
				554B42BE271ED62D003E1ED8 /* PBXTargetDependency */,
			);
			name = FlashcardsReduxUITests;
			productName = FlashcardsReduxUITests;
			productReference = 554B42BC271ED62D003E1ED8 /* FlashcardsReduxUITests.xctest */;
			productType = "com.apple.product-type.bundle.ui-testing";
		};
		55517B01271C5475005C8D12 /* UI */ = {
			isa = PBXNativeTarget;
			buildConfigurationList = 55517B1E271C5476005C8D12 /* Build configuration list for PBXNativeTarget "UI" */;
			buildPhases = (
				55517AFD271C5475005C8D12 /* Headers */,
				55517AFE271C5475005C8D12 /* Sources */,
				55517AFF271C5475005C8D12 /* Frameworks */,
				55517B00271C5475005C8D12 /* Resources */,
			);
			buildRules = (
			);
			dependencies = (
				55517B3D271C56DE005C8D12 /* PBXTargetDependency */,
			);
			name = UI;
			packageProductDependencies = (
			);
			productName = UI;
			productReference = 55517B02271C5475005C8D12 /* UI.framework */;
			productType = "com.apple.product-type.framework";
		};
		55517B2C271C568F005C8D12 /* Common */ = {
			isa = PBXNativeTarget;
			buildConfigurationList = 55517B37271C568F005C8D12 /* Build configuration list for PBXNativeTarget "Common" */;
			buildPhases = (
				55517B28271C568F005C8D12 /* Headers */,
				55517B29271C568F005C8D12 /* Sources */,
				55517B2A271C568F005C8D12 /* Frameworks */,
				55517B2B271C568F005C8D12 /* Resources */,
			);
			buildRules = (
			);
			dependencies = (
			);
			name = Common;
			packageProductDependencies = (
				55517B42271C581C005C8D12 /* FirebaseFirestore */,
				55517B44271C581C005C8D12 /* FirebaseFirestoreSwift-Beta */,
			);
			productName = Common;
			productReference = 55517B2D271C568F005C8D12 /* Common.framework */;
			productType = "com.apple.product-type.framework";
		};
/* End PBXNativeTarget section */

/* Begin PBXProject section */
		5532013F2705BF6000D3EDE7 /* Project object */ = {
			isa = PBXProject;
			attributes = {
				BuildIndependentTargetsInParallel = 1;
				LastSwiftUpdateCheck = 1300;
				LastUpgradeCheck = 1300;
				TargetAttributes = {
					552670D9271D49DB001DB1A0 = {
						CreatedOnToolsVersion = 13.0;
					};
					553201462705BF6000D3EDE7 = {
						CreatedOnToolsVersion = 13.0;
					};
					553201562705BF6200D3EDE7 = {
						CreatedOnToolsVersion = 13.0;
						TestTargetID = 553201462705BF6000D3EDE7;
					};
					554B428C271E05A3003E1ED8 = {
						CreatedOnToolsVersion = 13.0;
						LastSwiftMigration = 1300;
					};
					554B42A2271ED62B003E1ED8 = {
						CreatedOnToolsVersion = 13.0;
					};
					554B42B1271ED62D003E1ED8 = {
						CreatedOnToolsVersion = 13.0;
						TestTargetID = 554B42A2271ED62B003E1ED8;
					};
					554B42BB271ED62D003E1ED8 = {
						CreatedOnToolsVersion = 13.0;
						TestTargetID = 554B42A2271ED62B003E1ED8;
					};
					55517B01271C5475005C8D12 = {
						CreatedOnToolsVersion = 13.0;
					};
					55517B2C271C568F005C8D12 = {
						CreatedOnToolsVersion = 13.0;
					};
				};
			};
			buildConfigurationList = 553201422705BF6000D3EDE7 /* Build configuration list for PBXProject "Flashcards" */;
			compatibilityVersion = "Xcode 13.0";
			developmentRegion = en;
			hasScannedForEncodings = 0;
			knownRegions = (
				en,
				Base,
			);
			mainGroup = 5532013E2705BF6000D3EDE7;
			packageReferences = (
				5580C855270E2DF00002E67C /* XCRemoteSwiftPackageReference "Quick" */,
				5580C858270E2E030002E67C /* XCRemoteSwiftPackageReference "Nimble" */,
				D10BFFB727109DCF00E8957E /* XCRemoteSwiftPackageReference "firebase-ios-sdk" */,
			);
			productRefGroup = 553201482705BF6000D3EDE7 /* Products */;
			projectDirPath = "";
			projectRoot = "";
			targets = (
				553201462705BF6000D3EDE7 /* Flashcards */,
				553201562705BF6200D3EDE7 /* FlashcardsTests */,
				55517B01271C5475005C8D12 /* UI */,
				552670D9271D49DB001DB1A0 /* UITests */,
				55517B2C271C568F005C8D12 /* Common */,
				554B428C271E05A3003E1ED8 /* CommonTests */,
				554B42A2271ED62B003E1ED8 /* FlashcardsRedux */,
				554B42B1271ED62D003E1ED8 /* FlashcardsReduxTests */,
				554B42BB271ED62D003E1ED8 /* FlashcardsReduxUITests */,
			);
		};
/* End PBXProject section */

/* Begin PBXResourcesBuildPhase section */
		552670D8271D49DB001DB1A0 /* Resources */ = {
			isa = PBXResourcesBuildPhase;
			buildActionMask = 2147483647;
			files = (
			);
			runOnlyForDeploymentPostprocessing = 0;
		};
		553201452705BF6000D3EDE7 /* Resources */ = {
			isa = PBXResourcesBuildPhase;
			buildActionMask = 2147483647;
			files = (
				553201522705BF6200D3EDE7 /* Preview Assets.xcassets in Resources */,
				5532014F2705BF6200D3EDE7 /* Assets.xcassets in Resources */,
				D10BFFB627109C9800E8957E /* GoogleService-Info.plist in Resources */,
			);
			runOnlyForDeploymentPostprocessing = 0;
		};
		553201552705BF6200D3EDE7 /* Resources */ = {
			isa = PBXResourcesBuildPhase;
			buildActionMask = 2147483647;
			files = (
			);
			runOnlyForDeploymentPostprocessing = 0;
		};
		554B428B271E05A3003E1ED8 /* Resources */ = {
			isa = PBXResourcesBuildPhase;
			buildActionMask = 2147483647;
			files = (
			);
			runOnlyForDeploymentPostprocessing = 0;
		};
		554B42A1271ED62B003E1ED8 /* Resources */ = {
			isa = PBXResourcesBuildPhase;
			buildActionMask = 2147483647;
			files = (
				554B42AD271ED62D003E1ED8 /* Preview Assets.xcassets in Resources */,
				554B42AA271ED62D003E1ED8 /* Assets.xcassets in Resources */,
			);
			runOnlyForDeploymentPostprocessing = 0;
		};
		554B42B0271ED62D003E1ED8 /* Resources */ = {
			isa = PBXResourcesBuildPhase;
			buildActionMask = 2147483647;
			files = (
			);
			runOnlyForDeploymentPostprocessing = 0;
		};
		554B42BA271ED62D003E1ED8 /* Resources */ = {
			isa = PBXResourcesBuildPhase;
			buildActionMask = 2147483647;
			files = (
			);
			runOnlyForDeploymentPostprocessing = 0;
		};
		55517B00271C5475005C8D12 /* Resources */ = {
			isa = PBXResourcesBuildPhase;
			buildActionMask = 2147483647;
			files = (
			);
			runOnlyForDeploymentPostprocessing = 0;
		};
		55517B2B271C568F005C8D12 /* Resources */ = {
			isa = PBXResourcesBuildPhase;
			buildActionMask = 2147483647;
			files = (
			);
			runOnlyForDeploymentPostprocessing = 0;
		};
/* End PBXResourcesBuildPhase section */

/* Begin PBXSourcesBuildPhase section */
		552670D6271D49DB001DB1A0 /* Sources */ = {
			isa = PBXSourcesBuildPhase;
			buildActionMask = 2147483647;
			files = (
				552670E5271D4A02001DB1A0 /* DeckViewViewModelTests.swift in Sources */,
				552670E4271D49FF001DB1A0 /* DeckGalleryViewModelTests.swift in Sources */,
			);
			runOnlyForDeploymentPostprocessing = 0;
		};
		553201432705BF6000D3EDE7 /* Sources */ = {
			isa = PBXSourcesBuildPhase;
			buildActionMask = 2147483647;
			files = (
				554B4284271DE884003E1ED8 /* DummyScreen.swift in Sources */,
				D1C297BA2719B56F00235224 /* Environment.swift in Sources */,
				D10BFFBD27109EED00E8957E /* AppDelegate.swift in Sources */,
				5532014B2705BF6000D3EDE7 /* FlashcardsApp.swift in Sources */,
			);
			runOnlyForDeploymentPostprocessing = 0;
		};
		553201532705BF6200D3EDE7 /* Sources */ = {
			isa = PBXSourcesBuildPhase;
			buildActionMask = 2147483647;
			files = (
			);
			runOnlyForDeploymentPostprocessing = 0;
		};
		554B4289271E05A3003E1ED8 /* Sources */ = {
			isa = PBXSourcesBuildPhase;
			buildActionMask = 2147483647;
			files = (
				554B429E271E05E1003E1ED8 /* DummyModelRepositoryTests.swift in Sources */,
			);
			runOnlyForDeploymentPostprocessing = 0;
		};
		554B429F271ED62B003E1ED8 /* Sources */ = {
			isa = PBXSourcesBuildPhase;
			buildActionMask = 2147483647;
			files = (
				554B42A8271ED62B003E1ED8 /* ContentView.swift in Sources */,
				554B42A6271ED62B003E1ED8 /* FlashcardsReduxApp.swift in Sources */,
			);
			runOnlyForDeploymentPostprocessing = 0;
		};
		554B42AE271ED62D003E1ED8 /* Sources */ = {
			isa = PBXSourcesBuildPhase;
			buildActionMask = 2147483647;
			files = (
				554B42B7271ED62D003E1ED8 /* FlashcardsReduxTests.swift in Sources */,
			);
			runOnlyForDeploymentPostprocessing = 0;
		};
		554B42B8271ED62D003E1ED8 /* Sources */ = {
			isa = PBXSourcesBuildPhase;
			buildActionMask = 2147483647;
			files = (
				554B42C3271ED62D003E1ED8 /* FlashcardsReduxUITestsLaunchTests.swift in Sources */,
				554B42C1271ED62D003E1ED8 /* FlashcardsReduxUITests.swift in Sources */,
			);
			runOnlyForDeploymentPostprocessing = 0;
		};
		55517AFE271C5475005C8D12 /* Sources */ = {
			isa = PBXSourcesBuildPhase;
			buildActionMask = 2147483647;
			files = (
				55517B27271C565E005C8D12 /* DeckGalleryViewModel.swift in Sources */,
				55517B25271C5565005C8D12 /* CardView.swift in Sources */,
				55517B23271C5565005C8D12 /* DeckGalleryView.swift in Sources */,
				55517B24271C5565005C8D12 /* FlashcardView.swift in Sources */,
				55517B20271C5565005C8D12 /* ContentView.swift in Sources */,
				552670EB271D67FA001DB1A0 /* DummyView.swift in Sources */,
				55517B21271C5565005C8D12 /* ProgressBarView.swift in Sources */,
				55517B3F271C571A005C8D12 /* DeckViewModel.swift in Sources */,
				55517B06271C5475005C8D12 /* UI.docc in Sources */,
				55517B22271C5565005C8D12 /* DeckView.swift in Sources */,
			);
			runOnlyForDeploymentPostprocessing = 0;
		};
		55517B29271C568F005C8D12 /* Sources */ = {
			isa = PBXSourcesBuildPhase;
			buildActionMask = 2147483647;
			files = (
				55517B40271C57E1005C8D12 /* FlashcardRepository.swift in Sources */,
				552670D5271C6845001DB1A0 /* InitializeFirebase.swift in Sources */,
				554B4286271DFCC8003E1ED8 /* DummyModelRepository.swift in Sources */,
				55517B3A271C56BE005C8D12 /* FlashcardModel.swift in Sources */,
				55517B41271C57E1005C8D12 /* FlashcardService.swift in Sources */,
				55517B3B271C56BE005C8D12 /* DeckModel.swift in Sources */,
				554B4288271DFD11003E1ED8 /* DummyModel.swift in Sources */,
				55517B31271C568F005C8D12 /* Common.docc in Sources */,
				55517B4B271C59C6005C8D12 /* Mocks.swift in Sources */,
			);
			runOnlyForDeploymentPostprocessing = 0;
		};
/* End PBXSourcesBuildPhase section */

/* Begin PBXTargetDependency section */
		552670E0271D49DB001DB1A0 /* PBXTargetDependency */ = {
			isa = PBXTargetDependency;
			platformFilter = ios;
			target = 55517B01271C5475005C8D12 /* UI */;
			targetProxy = 552670DF271D49DB001DB1A0 /* PBXContainerItemProxy */;
		};
		553201592705BF6200D3EDE7 /* PBXTargetDependency */ = {
			isa = PBXTargetDependency;
			target = 553201462705BF6000D3EDE7 /* Flashcards */;
			targetProxy = 553201582705BF6200D3EDE7 /* PBXContainerItemProxy */;
		};
		554B4293271E05A3003E1ED8 /* PBXTargetDependency */ = {
			isa = PBXTargetDependency;
			platformFilter = ios;
			target = 55517B2C271C568F005C8D12 /* Common */;
			targetProxy = 554B4292271E05A3003E1ED8 /* PBXContainerItemProxy */;
		};
		554B42B4271ED62D003E1ED8 /* PBXTargetDependency */ = {
			isa = PBXTargetDependency;
			target = 554B42A2271ED62B003E1ED8 /* FlashcardsRedux */;
			targetProxy = 554B42B3271ED62D003E1ED8 /* PBXContainerItemProxy */;
		};
		554B42BE271ED62D003E1ED8 /* PBXTargetDependency */ = {
			isa = PBXTargetDependency;
			target = 554B42A2271ED62B003E1ED8 /* FlashcardsRedux */;
			targetProxy = 554B42BD271ED62D003E1ED8 /* PBXContainerItemProxy */;
		};
		554B42CE271ED658003E1ED8 /* PBXTargetDependency */ = {
			isa = PBXTargetDependency;
			target = 55517B2C271C568F005C8D12 /* Common */;
			targetProxy = 554B42CD271ED658003E1ED8 /* PBXContainerItemProxy */;
		};
		554B42D0271ED658003E1ED8 /* PBXTargetDependency */ = {
			isa = PBXTargetDependency;
			target = 55517B01271C5475005C8D12 /* UI */;
			targetProxy = 554B42CF271ED658003E1ED8 /* PBXContainerItemProxy */;
		};
		55517B16271C5476005C8D12 /* PBXTargetDependency */ = {
			isa = PBXTargetDependency;
			target = 55517B01271C5475005C8D12 /* UI */;
			targetProxy = 55517B15271C5476005C8D12 /* PBXContainerItemProxy */;
		};
		55517B34271C568F005C8D12 /* PBXTargetDependency */ = {
			isa = PBXTargetDependency;
			target = 55517B2C271C568F005C8D12 /* Common */;
			targetProxy = 55517B33271C568F005C8D12 /* PBXContainerItemProxy */;
		};
		55517B3D271C56DE005C8D12 /* PBXTargetDependency */ = {
			isa = PBXTargetDependency;
			target = 55517B2C271C568F005C8D12 /* Common */;
			targetProxy = 55517B3C271C56DE005C8D12 /* PBXContainerItemProxy */;
		};
/* End PBXTargetDependency section */

/* Begin XCBuildConfiguration section */
		552670E1271D49DB001DB1A0 /* Debug */ = {
			isa = XCBuildConfiguration;
			buildSettings = {
				CODE_SIGN_STYLE = Automatic;
				CURRENT_PROJECT_VERSION = 1;
				DEVELOPMENT_TEAM = 6Y485Z3XGX;
				GENERATE_INFOPLIST_FILE = YES;
				LD_RUNPATH_SEARCH_PATHS = (
					"$(inherited)",
					"@executable_path/Frameworks",
					"@loader_path/Frameworks",
				);
				MARKETING_VERSION = 1.0;
				PRODUCT_BUNDLE_IDENTIFIER = com.learning.UITests;
				PRODUCT_NAME = "$(TARGET_NAME)";
				SWIFT_EMIT_LOC_STRINGS = NO;
				SWIFT_VERSION = 5.0;
				TARGETED_DEVICE_FAMILY = "1,2";
			};
			name = Debug;
		};
		552670E2271D49DB001DB1A0 /* Release */ = {
			isa = XCBuildConfiguration;
			buildSettings = {
				CODE_SIGN_STYLE = Automatic;
				CURRENT_PROJECT_VERSION = 1;
				DEVELOPMENT_TEAM = 6Y485Z3XGX;
				GENERATE_INFOPLIST_FILE = YES;
				LD_RUNPATH_SEARCH_PATHS = (
					"$(inherited)",
					"@executable_path/Frameworks",
					"@loader_path/Frameworks",
				);
				MARKETING_VERSION = 1.0;
				PRODUCT_BUNDLE_IDENTIFIER = com.learning.UITests;
				PRODUCT_NAME = "$(TARGET_NAME)";
				SWIFT_EMIT_LOC_STRINGS = NO;
				SWIFT_VERSION = 5.0;
				TARGETED_DEVICE_FAMILY = "1,2";
			};
			name = Release;
		};
		553201692705BF6200D3EDE7 /* Debug */ = {
			isa = XCBuildConfiguration;
			buildSettings = {
				ALWAYS_SEARCH_USER_PATHS = NO;
				CLANG_ANALYZER_NONNULL = YES;
				CLANG_ANALYZER_NUMBER_OBJECT_CONVERSION = YES_AGGRESSIVE;
				CLANG_CXX_LANGUAGE_STANDARD = "gnu++17";
				CLANG_CXX_LIBRARY = "libc++";
				CLANG_ENABLE_MODULES = YES;
				CLANG_ENABLE_OBJC_ARC = YES;
				CLANG_ENABLE_OBJC_WEAK = YES;
				CLANG_WARN_BLOCK_CAPTURE_AUTORELEASING = YES;
				CLANG_WARN_BOOL_CONVERSION = YES;
				CLANG_WARN_COMMA = YES;
				CLANG_WARN_CONSTANT_CONVERSION = YES;
				CLANG_WARN_DEPRECATED_OBJC_IMPLEMENTATIONS = YES;
				CLANG_WARN_DIRECT_OBJC_ISA_USAGE = YES_ERROR;
				CLANG_WARN_DOCUMENTATION_COMMENTS = YES;
				CLANG_WARN_EMPTY_BODY = YES;
				CLANG_WARN_ENUM_CONVERSION = YES;
				CLANG_WARN_INFINITE_RECURSION = YES;
				CLANG_WARN_INT_CONVERSION = YES;
				CLANG_WARN_NON_LITERAL_NULL_CONVERSION = YES;
				CLANG_WARN_OBJC_IMPLICIT_RETAIN_SELF = YES;
				CLANG_WARN_OBJC_LITERAL_CONVERSION = YES;
				CLANG_WARN_OBJC_ROOT_CLASS = YES_ERROR;
				CLANG_WARN_QUOTED_INCLUDE_IN_FRAMEWORK_HEADER = YES;
				CLANG_WARN_RANGE_LOOP_ANALYSIS = YES;
				CLANG_WARN_STRICT_PROTOTYPES = YES;
				CLANG_WARN_SUSPICIOUS_MOVE = YES;
				CLANG_WARN_UNGUARDED_AVAILABILITY = YES_AGGRESSIVE;
				CLANG_WARN_UNREACHABLE_CODE = YES;
				CLANG_WARN__DUPLICATE_METHOD_MATCH = YES;
				COPY_PHASE_STRIP = NO;
				DEBUG_INFORMATION_FORMAT = dwarf;
				ENABLE_STRICT_OBJC_MSGSEND = YES;
				ENABLE_TESTABILITY = YES;
				GCC_C_LANGUAGE_STANDARD = gnu11;
				GCC_DYNAMIC_NO_PIC = NO;
				GCC_NO_COMMON_BLOCKS = YES;
				GCC_OPTIMIZATION_LEVEL = 0;
				GCC_PREPROCESSOR_DEFINITIONS = (
					"DEBUG=1",
					"$(inherited)",
				);
				GCC_WARN_64_TO_32_BIT_CONVERSION = YES;
				GCC_WARN_ABOUT_RETURN_TYPE = YES_ERROR;
				GCC_WARN_UNDECLARED_SELECTOR = YES;
				GCC_WARN_UNINITIALIZED_AUTOS = YES_AGGRESSIVE;
				GCC_WARN_UNUSED_FUNCTION = YES;
				GCC_WARN_UNUSED_VARIABLE = YES;
				IPHONEOS_DEPLOYMENT_TARGET = 15.0;
				MTL_ENABLE_DEBUG_INFO = INCLUDE_SOURCE;
				MTL_FAST_MATH = YES;
				ONLY_ACTIVE_ARCH = YES;
				SDKROOT = iphoneos;
				SWIFT_ACTIVE_COMPILATION_CONDITIONS = DEBUG;
				SWIFT_OPTIMIZATION_LEVEL = "-Onone";
			};
			name = Debug;
		};
		5532016A2705BF6200D3EDE7 /* Release */ = {
			isa = XCBuildConfiguration;
			buildSettings = {
				ALWAYS_SEARCH_USER_PATHS = NO;
				CLANG_ANALYZER_NONNULL = YES;
				CLANG_ANALYZER_NUMBER_OBJECT_CONVERSION = YES_AGGRESSIVE;
				CLANG_CXX_LANGUAGE_STANDARD = "gnu++17";
				CLANG_CXX_LIBRARY = "libc++";
				CLANG_ENABLE_MODULES = YES;
				CLANG_ENABLE_OBJC_ARC = YES;
				CLANG_ENABLE_OBJC_WEAK = YES;
				CLANG_WARN_BLOCK_CAPTURE_AUTORELEASING = YES;
				CLANG_WARN_BOOL_CONVERSION = YES;
				CLANG_WARN_COMMA = YES;
				CLANG_WARN_CONSTANT_CONVERSION = YES;
				CLANG_WARN_DEPRECATED_OBJC_IMPLEMENTATIONS = YES;
				CLANG_WARN_DIRECT_OBJC_ISA_USAGE = YES_ERROR;
				CLANG_WARN_DOCUMENTATION_COMMENTS = YES;
				CLANG_WARN_EMPTY_BODY = YES;
				CLANG_WARN_ENUM_CONVERSION = YES;
				CLANG_WARN_INFINITE_RECURSION = YES;
				CLANG_WARN_INT_CONVERSION = YES;
				CLANG_WARN_NON_LITERAL_NULL_CONVERSION = YES;
				CLANG_WARN_OBJC_IMPLICIT_RETAIN_SELF = YES;
				CLANG_WARN_OBJC_LITERAL_CONVERSION = YES;
				CLANG_WARN_OBJC_ROOT_CLASS = YES_ERROR;
				CLANG_WARN_QUOTED_INCLUDE_IN_FRAMEWORK_HEADER = YES;
				CLANG_WARN_RANGE_LOOP_ANALYSIS = YES;
				CLANG_WARN_STRICT_PROTOTYPES = YES;
				CLANG_WARN_SUSPICIOUS_MOVE = YES;
				CLANG_WARN_UNGUARDED_AVAILABILITY = YES_AGGRESSIVE;
				CLANG_WARN_UNREACHABLE_CODE = YES;
				CLANG_WARN__DUPLICATE_METHOD_MATCH = YES;
				COPY_PHASE_STRIP = NO;
				DEBUG_INFORMATION_FORMAT = "dwarf-with-dsym";
				ENABLE_NS_ASSERTIONS = NO;
				ENABLE_STRICT_OBJC_MSGSEND = YES;
				GCC_C_LANGUAGE_STANDARD = gnu11;
				GCC_NO_COMMON_BLOCKS = YES;
				GCC_WARN_64_TO_32_BIT_CONVERSION = YES;
				GCC_WARN_ABOUT_RETURN_TYPE = YES_ERROR;
				GCC_WARN_UNDECLARED_SELECTOR = YES;
				GCC_WARN_UNINITIALIZED_AUTOS = YES_AGGRESSIVE;
				GCC_WARN_UNUSED_FUNCTION = YES;
				GCC_WARN_UNUSED_VARIABLE = YES;
				IPHONEOS_DEPLOYMENT_TARGET = 15.0;
				MTL_ENABLE_DEBUG_INFO = NO;
				MTL_FAST_MATH = YES;
				SDKROOT = iphoneos;
				SWIFT_COMPILATION_MODE = wholemodule;
				SWIFT_OPTIMIZATION_LEVEL = "-O";
				VALIDATE_PRODUCT = YES;
			};
			name = Release;
		};
		5532016C2705BF6200D3EDE7 /* Debug */ = {
			isa = XCBuildConfiguration;
			buildSettings = {
				ALWAYS_EMBED_SWIFT_STANDARD_LIBRARIES = YES;
				ASSETCATALOG_COMPILER_APPICON_NAME = AppIcon;
				ASSETCATALOG_COMPILER_GLOBAL_ACCENT_COLOR_NAME = AccentColor;
				CODE_SIGN_STYLE = Automatic;
				CURRENT_PROJECT_VERSION = 1;
				DEVELOPMENT_ASSET_PATHS = "\"Flashcards/Preview Content\"";
				DEVELOPMENT_TEAM = 6Y485Z3XGX;
				ENABLE_PREVIEWS = YES;
				GENERATE_INFOPLIST_FILE = YES;
				INFOPLIST_KEY_UIApplicationSceneManifest_Generation = YES;
				INFOPLIST_KEY_UIApplicationSupportsIndirectInputEvents = YES;
				INFOPLIST_KEY_UILaunchScreen_Generation = YES;
				INFOPLIST_KEY_UISupportedInterfaceOrientations_iPad = "UIInterfaceOrientationPortrait UIInterfaceOrientationPortraitUpsideDown UIInterfaceOrientationLandscapeLeft UIInterfaceOrientationLandscapeRight";
				INFOPLIST_KEY_UISupportedInterfaceOrientations_iPhone = "UIInterfaceOrientationPortrait UIInterfaceOrientationLandscapeLeft UIInterfaceOrientationLandscapeRight";
				IPHONEOS_DEPLOYMENT_TARGET = 14.0;
				LD_RUNPATH_SEARCH_PATHS = (
					"$(inherited)",
					"@executable_path/Frameworks",
				);
				MARKETING_VERSION = 1.0;
				OTHER_LDFLAGS = "$(inherited)";
				PRODUCT_BUNDLE_IDENTIFIER = com.learning.Flashcards;
				PRODUCT_NAME = "$(TARGET_NAME)";
				SWIFT_EMIT_LOC_STRINGS = YES;
				SWIFT_VERSION = 5.0;
				TARGETED_DEVICE_FAMILY = "1,2";
			};
			name = Debug;
		};
		5532016D2705BF6200D3EDE7 /* Release */ = {
			isa = XCBuildConfiguration;
			buildSettings = {
				ALWAYS_EMBED_SWIFT_STANDARD_LIBRARIES = YES;
				ASSETCATALOG_COMPILER_APPICON_NAME = AppIcon;
				ASSETCATALOG_COMPILER_GLOBAL_ACCENT_COLOR_NAME = AccentColor;
				CODE_SIGN_STYLE = Automatic;
				CURRENT_PROJECT_VERSION = 1;
				DEVELOPMENT_ASSET_PATHS = "\"Flashcards/Preview Content\"";
				DEVELOPMENT_TEAM = 6Y485Z3XGX;
				ENABLE_PREVIEWS = YES;
				GENERATE_INFOPLIST_FILE = YES;
				INFOPLIST_KEY_UIApplicationSceneManifest_Generation = YES;
				INFOPLIST_KEY_UIApplicationSupportsIndirectInputEvents = YES;
				INFOPLIST_KEY_UILaunchScreen_Generation = YES;
				INFOPLIST_KEY_UISupportedInterfaceOrientations_iPad = "UIInterfaceOrientationPortrait UIInterfaceOrientationPortraitUpsideDown UIInterfaceOrientationLandscapeLeft UIInterfaceOrientationLandscapeRight";
				INFOPLIST_KEY_UISupportedInterfaceOrientations_iPhone = "UIInterfaceOrientationPortrait UIInterfaceOrientationLandscapeLeft UIInterfaceOrientationLandscapeRight";
				IPHONEOS_DEPLOYMENT_TARGET = 14.0;
				LD_RUNPATH_SEARCH_PATHS = (
					"$(inherited)",
					"@executable_path/Frameworks",
				);
				MARKETING_VERSION = 1.0;
				OTHER_LDFLAGS = "$(inherited)";
				PRODUCT_BUNDLE_IDENTIFIER = com.learning.Flashcards;
				PRODUCT_NAME = "$(TARGET_NAME)";
				SWIFT_EMIT_LOC_STRINGS = YES;
				SWIFT_VERSION = 5.0;
				TARGETED_DEVICE_FAMILY = "1,2";
			};
			name = Release;
		};
		5532016F2705BF6200D3EDE7 /* Debug */ = {
			isa = XCBuildConfiguration;
			buildSettings = {
				ALWAYS_EMBED_SWIFT_STANDARD_LIBRARIES = YES;
				BUNDLE_LOADER = "$(TEST_HOST)";
				CODE_SIGN_STYLE = Automatic;
				CURRENT_PROJECT_VERSION = 1;
				DEVELOPMENT_TEAM = 7V77HPPE58;
				GENERATE_INFOPLIST_FILE = YES;
				IPHONEOS_DEPLOYMENT_TARGET = 14.0;
				LD_RUNPATH_SEARCH_PATHS = (
					"$(inherited)",
					"@executable_path/Frameworks",
					"@loader_path/Frameworks",
				);
				MARKETING_VERSION = 1.0;
				PRODUCT_BUNDLE_IDENTIFIER = com.yotam.ohayon.FlashcardsTests;
				PRODUCT_NAME = "$(TARGET_NAME)";
				SWIFT_EMIT_LOC_STRINGS = NO;
				SWIFT_VERSION = 5.0;
				TARGETED_DEVICE_FAMILY = "1,2";
				TEST_HOST = "$(BUILT_PRODUCTS_DIR)/Flashcards.app/Flashcards";
			};
			name = Debug;
		};
		553201702705BF6200D3EDE7 /* Release */ = {
			isa = XCBuildConfiguration;
			buildSettings = {
				ALWAYS_EMBED_SWIFT_STANDARD_LIBRARIES = YES;
				BUNDLE_LOADER = "$(TEST_HOST)";
				CODE_SIGN_STYLE = Automatic;
				CURRENT_PROJECT_VERSION = 1;
				DEVELOPMENT_TEAM = 7V77HPPE58;
				GENERATE_INFOPLIST_FILE = YES;
				IPHONEOS_DEPLOYMENT_TARGET = 14.0;
				LD_RUNPATH_SEARCH_PATHS = (
					"$(inherited)",
					"@executable_path/Frameworks",
					"@loader_path/Frameworks",
				);
				MARKETING_VERSION = 1.0;
				PRODUCT_BUNDLE_IDENTIFIER = com.yotam.ohayon.FlashcardsTests;
				PRODUCT_NAME = "$(TARGET_NAME)";
				SWIFT_EMIT_LOC_STRINGS = NO;
				SWIFT_VERSION = 5.0;
				TARGETED_DEVICE_FAMILY = "1,2";
				TEST_HOST = "$(BUILT_PRODUCTS_DIR)/Flashcards.app/Flashcards";
			};
			name = Release;
		};
		554B4295271E05A3003E1ED8 /* Debug */ = {
			isa = XCBuildConfiguration;
			buildSettings = {
				CLANG_ENABLE_MODULES = YES;
				CODE_SIGN_STYLE = Automatic;
				CURRENT_PROJECT_VERSION = 1;
				DEVELOPMENT_TEAM = 6Y485Z3XGX;
				GENERATE_INFOPLIST_FILE = YES;
				LD_RUNPATH_SEARCH_PATHS = (
					"$(inherited)",
					"@executable_path/Frameworks",
					"@loader_path/Frameworks",
				);
				MARKETING_VERSION = 1.0;
				PRODUCT_BUNDLE_IDENTIFIER = com.learning.CommonTests;
				PRODUCT_NAME = "$(TARGET_NAME)";
				SWIFT_EMIT_LOC_STRINGS = NO;
				SWIFT_OPTIMIZATION_LEVEL = "-Onone";
				SWIFT_VERSION = 5.0;
				TARGETED_DEVICE_FAMILY = "1,2";
			};
			name = Debug;
		};
		554B4296271E05A3003E1ED8 /* Release */ = {
			isa = XCBuildConfiguration;
			buildSettings = {
				CLANG_ENABLE_MODULES = YES;
				CODE_SIGN_STYLE = Automatic;
				CURRENT_PROJECT_VERSION = 1;
				DEVELOPMENT_TEAM = 6Y485Z3XGX;
				GENERATE_INFOPLIST_FILE = YES;
				LD_RUNPATH_SEARCH_PATHS = (
					"$(inherited)",
					"@executable_path/Frameworks",
					"@loader_path/Frameworks",
				);
				MARKETING_VERSION = 1.0;
				PRODUCT_BUNDLE_IDENTIFIER = com.learning.CommonTests;
				PRODUCT_NAME = "$(TARGET_NAME)";
				SWIFT_EMIT_LOC_STRINGS = NO;
				SWIFT_VERSION = 5.0;
				TARGETED_DEVICE_FAMILY = "1,2";
			};
			name = Release;
		};
		554B42C5271ED62D003E1ED8 /* Debug */ = {
			isa = XCBuildConfiguration;
			buildSettings = {
				ASSETCATALOG_COMPILER_APPICON_NAME = AppIcon;
				ASSETCATALOG_COMPILER_GLOBAL_ACCENT_COLOR_NAME = AccentColor;
				CODE_SIGN_STYLE = Automatic;
				CURRENT_PROJECT_VERSION = 1;
				DEVELOPMENT_ASSET_PATHS = "\"FlashcardsRedux/Preview Content\"";
				DEVELOPMENT_TEAM = 6Y485Z3XGX;
				ENABLE_PREVIEWS = YES;
				GENERATE_INFOPLIST_FILE = YES;
				INFOPLIST_KEY_UIApplicationSceneManifest_Generation = YES;
				INFOPLIST_KEY_UIApplicationSupportsIndirectInputEvents = YES;
				INFOPLIST_KEY_UILaunchScreen_Generation = YES;
				INFOPLIST_KEY_UISupportedInterfaceOrientations_iPad = "UIInterfaceOrientationPortrait UIInterfaceOrientationPortraitUpsideDown UIInterfaceOrientationLandscapeLeft UIInterfaceOrientationLandscapeRight";
				INFOPLIST_KEY_UISupportedInterfaceOrientations_iPhone = "UIInterfaceOrientationPortrait UIInterfaceOrientationLandscapeLeft UIInterfaceOrientationLandscapeRight";
				IPHONEOS_DEPLOYMENT_TARGET = 14.0;
				LD_RUNPATH_SEARCH_PATHS = (
					"$(inherited)",
					"@executable_path/Frameworks",
				);
				MARKETING_VERSION = 1.0;
				PRODUCT_BUNDLE_IDENTIFIER = com.learning.FlashcardsRedux;
				PRODUCT_NAME = "$(TARGET_NAME)";
				SWIFT_EMIT_LOC_STRINGS = YES;
				SWIFT_VERSION = 5.0;
				TARGETED_DEVICE_FAMILY = "1,2";
			};
			name = Debug;
		};
		554B42C6271ED62D003E1ED8 /* Release */ = {
			isa = XCBuildConfiguration;
			buildSettings = {
				ASSETCATALOG_COMPILER_APPICON_NAME = AppIcon;
				ASSETCATALOG_COMPILER_GLOBAL_ACCENT_COLOR_NAME = AccentColor;
				CODE_SIGN_STYLE = Automatic;
				CURRENT_PROJECT_VERSION = 1;
				DEVELOPMENT_ASSET_PATHS = "\"FlashcardsRedux/Preview Content\"";
				DEVELOPMENT_TEAM = 6Y485Z3XGX;
				ENABLE_PREVIEWS = YES;
				GENERATE_INFOPLIST_FILE = YES;
				INFOPLIST_KEY_UIApplicationSceneManifest_Generation = YES;
				INFOPLIST_KEY_UIApplicationSupportsIndirectInputEvents = YES;
				INFOPLIST_KEY_UILaunchScreen_Generation = YES;
				INFOPLIST_KEY_UISupportedInterfaceOrientations_iPad = "UIInterfaceOrientationPortrait UIInterfaceOrientationPortraitUpsideDown UIInterfaceOrientationLandscapeLeft UIInterfaceOrientationLandscapeRight";
				INFOPLIST_KEY_UISupportedInterfaceOrientations_iPhone = "UIInterfaceOrientationPortrait UIInterfaceOrientationLandscapeLeft UIInterfaceOrientationLandscapeRight";
				IPHONEOS_DEPLOYMENT_TARGET = 14.0;
				LD_RUNPATH_SEARCH_PATHS = (
					"$(inherited)",
					"@executable_path/Frameworks",
				);
				MARKETING_VERSION = 1.0;
				PRODUCT_BUNDLE_IDENTIFIER = com.learning.FlashcardsRedux;
				PRODUCT_NAME = "$(TARGET_NAME)";
				SWIFT_EMIT_LOC_STRINGS = YES;
				SWIFT_VERSION = 5.0;
				TARGETED_DEVICE_FAMILY = "1,2";
			};
			name = Release;
		};
		554B42C8271ED62D003E1ED8 /* Debug */ = {
			isa = XCBuildConfiguration;
			buildSettings = {
				ALWAYS_EMBED_SWIFT_STANDARD_LIBRARIES = YES;
				BUNDLE_LOADER = "$(TEST_HOST)";
				CODE_SIGN_STYLE = Automatic;
				CURRENT_PROJECT_VERSION = 1;
				DEVELOPMENT_TEAM = 6Y485Z3XGX;
				GENERATE_INFOPLIST_FILE = YES;
				IPHONEOS_DEPLOYMENT_TARGET = 14.0;
				LD_RUNPATH_SEARCH_PATHS = (
					"$(inherited)",
					"@executable_path/Frameworks",
					"@loader_path/Frameworks",
				);
				MARKETING_VERSION = 1.0;
				PRODUCT_BUNDLE_IDENTIFIER = com.learning.FlashcardsReduxTests;
				PRODUCT_NAME = "$(TARGET_NAME)";
				SWIFT_EMIT_LOC_STRINGS = NO;
				SWIFT_VERSION = 5.0;
				TARGETED_DEVICE_FAMILY = "1,2";
				TEST_HOST = "$(BUILT_PRODUCTS_DIR)/FlashcardsRedux.app/FlashcardsRedux";
			};
			name = Debug;
		};
		554B42C9271ED62D003E1ED8 /* Release */ = {
			isa = XCBuildConfiguration;
			buildSettings = {
				ALWAYS_EMBED_SWIFT_STANDARD_LIBRARIES = YES;
				BUNDLE_LOADER = "$(TEST_HOST)";
				CODE_SIGN_STYLE = Automatic;
				CURRENT_PROJECT_VERSION = 1;
				DEVELOPMENT_TEAM = 6Y485Z3XGX;
				GENERATE_INFOPLIST_FILE = YES;
				IPHONEOS_DEPLOYMENT_TARGET = 14.0;
				LD_RUNPATH_SEARCH_PATHS = (
					"$(inherited)",
					"@executable_path/Frameworks",
					"@loader_path/Frameworks",
				);
				MARKETING_VERSION = 1.0;
				PRODUCT_BUNDLE_IDENTIFIER = com.learning.FlashcardsReduxTests;
				PRODUCT_NAME = "$(TARGET_NAME)";
				SWIFT_EMIT_LOC_STRINGS = NO;
				SWIFT_VERSION = 5.0;
				TARGETED_DEVICE_FAMILY = "1,2";
				TEST_HOST = "$(BUILT_PRODUCTS_DIR)/FlashcardsRedux.app/FlashcardsRedux";
			};
			name = Release;
		};
		554B42CB271ED62D003E1ED8 /* Debug */ = {
			isa = XCBuildConfiguration;
			buildSettings = {
				ALWAYS_EMBED_SWIFT_STANDARD_LIBRARIES = YES;
				CODE_SIGN_STYLE = Automatic;
				CURRENT_PROJECT_VERSION = 1;
				DEVELOPMENT_TEAM = 6Y485Z3XGX;
				GENERATE_INFOPLIST_FILE = YES;
				LD_RUNPATH_SEARCH_PATHS = (
					"$(inherited)",
					"@executable_path/Frameworks",
					"@loader_path/Frameworks",
				);
				MARKETING_VERSION = 1.0;
				PRODUCT_BUNDLE_IDENTIFIER = com.learning.FlashcardsReduxUITests;
				PRODUCT_NAME = "$(TARGET_NAME)";
				SWIFT_EMIT_LOC_STRINGS = NO;
				SWIFT_VERSION = 5.0;
				TARGETED_DEVICE_FAMILY = "1,2";
				TEST_TARGET_NAME = FlashcardsRedux;
			};
			name = Debug;
		};
		554B42CC271ED62D003E1ED8 /* Release */ = {
			isa = XCBuildConfiguration;
			buildSettings = {
				ALWAYS_EMBED_SWIFT_STANDARD_LIBRARIES = YES;
				CODE_SIGN_STYLE = Automatic;
				CURRENT_PROJECT_VERSION = 1;
				DEVELOPMENT_TEAM = 6Y485Z3XGX;
				GENERATE_INFOPLIST_FILE = YES;
				LD_RUNPATH_SEARCH_PATHS = (
					"$(inherited)",
					"@executable_path/Frameworks",
					"@loader_path/Frameworks",
				);
				MARKETING_VERSION = 1.0;
				PRODUCT_BUNDLE_IDENTIFIER = com.learning.FlashcardsReduxUITests;
				PRODUCT_NAME = "$(TARGET_NAME)";
				SWIFT_EMIT_LOC_STRINGS = NO;
				SWIFT_VERSION = 5.0;
				TARGETED_DEVICE_FAMILY = "1,2";
				TEST_TARGET_NAME = FlashcardsRedux;
			};
			name = Release;
		};
		55517B1A271C5476005C8D12 /* Debug */ = {
			isa = XCBuildConfiguration;
			buildSettings = {
				CODE_SIGN_STYLE = Automatic;
				CURRENT_PROJECT_VERSION = 1;
				DEFINES_MODULE = YES;
				DEVELOPMENT_TEAM = 6Y485Z3XGX;
				DYLIB_COMPATIBILITY_VERSION = 1;
				DYLIB_CURRENT_VERSION = 1;
				DYLIB_INSTALL_NAME_BASE = "@rpath";
				GENERATE_INFOPLIST_FILE = YES;
				INFOPLIST_KEY_NSHumanReadableCopyright = "";
				INSTALL_PATH = "$(LOCAL_LIBRARY_DIR)/Frameworks";
				IPHONEOS_DEPLOYMENT_TARGET = 14.0;
				LD_RUNPATH_SEARCH_PATHS = (
					"$(inherited)",
					"@executable_path/Frameworks",
					"@loader_path/Frameworks",
				);
				MARKETING_VERSION = 1.0;
				PRODUCT_BUNDLE_IDENTIFIER = com.learning.UI;
				PRODUCT_NAME = "$(TARGET_NAME:c99extidentifier)";
				SKIP_INSTALL = YES;
				SUPPORTS_MACCATALYST = NO;
				SWIFT_EMIT_LOC_STRINGS = YES;
				SWIFT_VERSION = 5.0;
				TARGETED_DEVICE_FAMILY = "1,2";
				VERSIONING_SYSTEM = "apple-generic";
				VERSION_INFO_PREFIX = "";
			};
			name = Debug;
		};
		55517B1B271C5476005C8D12 /* Release */ = {
			isa = XCBuildConfiguration;
			buildSettings = {
				CODE_SIGN_STYLE = Automatic;
				CURRENT_PROJECT_VERSION = 1;
				DEFINES_MODULE = YES;
				DEVELOPMENT_TEAM = 6Y485Z3XGX;
				DYLIB_COMPATIBILITY_VERSION = 1;
				DYLIB_CURRENT_VERSION = 1;
				DYLIB_INSTALL_NAME_BASE = "@rpath";
				GENERATE_INFOPLIST_FILE = YES;
				INFOPLIST_KEY_NSHumanReadableCopyright = "";
				INSTALL_PATH = "$(LOCAL_LIBRARY_DIR)/Frameworks";
				IPHONEOS_DEPLOYMENT_TARGET = 14.0;
				LD_RUNPATH_SEARCH_PATHS = (
					"$(inherited)",
					"@executable_path/Frameworks",
					"@loader_path/Frameworks",
				);
				MARKETING_VERSION = 1.0;
				PRODUCT_BUNDLE_IDENTIFIER = com.learning.UI;
				PRODUCT_NAME = "$(TARGET_NAME:c99extidentifier)";
				SKIP_INSTALL = YES;
				SUPPORTS_MACCATALYST = NO;
				SWIFT_EMIT_LOC_STRINGS = YES;
				SWIFT_VERSION = 5.0;
				TARGETED_DEVICE_FAMILY = "1,2";
				VERSIONING_SYSTEM = "apple-generic";
				VERSION_INFO_PREFIX = "";
			};
			name = Release;
		};
		55517B38271C568F005C8D12 /* Debug */ = {
			isa = XCBuildConfiguration;
			buildSettings = {
				CODE_SIGN_STYLE = Automatic;
				CURRENT_PROJECT_VERSION = 1;
				DEFINES_MODULE = YES;
				DEVELOPMENT_TEAM = 6Y485Z3XGX;
				DYLIB_COMPATIBILITY_VERSION = 1;
				DYLIB_CURRENT_VERSION = 1;
				DYLIB_INSTALL_NAME_BASE = "@rpath";
				GENERATE_INFOPLIST_FILE = YES;
				INFOPLIST_KEY_NSHumanReadableCopyright = "";
				INSTALL_PATH = "$(LOCAL_LIBRARY_DIR)/Frameworks";
				IPHONEOS_DEPLOYMENT_TARGET = 14.0;
				LD_RUNPATH_SEARCH_PATHS = (
					"$(inherited)",
					"@executable_path/Frameworks",
					"@loader_path/Frameworks",
				);
				MARKETING_VERSION = 1.0;
				PRODUCT_BUNDLE_IDENTIFIER = com.learning.Common;
				PRODUCT_NAME = "$(TARGET_NAME:c99extidentifier)";
				SKIP_INSTALL = YES;
				SUPPORTS_MACCATALYST = NO;
				SWIFT_EMIT_LOC_STRINGS = YES;
				SWIFT_VERSION = 5.0;
				TARGETED_DEVICE_FAMILY = "1,2";
				VERSIONING_SYSTEM = "apple-generic";
				VERSION_INFO_PREFIX = "";
			};
			name = Debug;
		};
		55517B39271C568F005C8D12 /* Release */ = {
			isa = XCBuildConfiguration;
			buildSettings = {
				CODE_SIGN_STYLE = Automatic;
				CURRENT_PROJECT_VERSION = 1;
				DEFINES_MODULE = YES;
				DEVELOPMENT_TEAM = 6Y485Z3XGX;
				DYLIB_COMPATIBILITY_VERSION = 1;
				DYLIB_CURRENT_VERSION = 1;
				DYLIB_INSTALL_NAME_BASE = "@rpath";
				GENERATE_INFOPLIST_FILE = YES;
				INFOPLIST_KEY_NSHumanReadableCopyright = "";
				INSTALL_PATH = "$(LOCAL_LIBRARY_DIR)/Frameworks";
				IPHONEOS_DEPLOYMENT_TARGET = 14.0;
				LD_RUNPATH_SEARCH_PATHS = (
					"$(inherited)",
					"@executable_path/Frameworks",
					"@loader_path/Frameworks",
				);
				MARKETING_VERSION = 1.0;
				PRODUCT_BUNDLE_IDENTIFIER = com.learning.Common;
				PRODUCT_NAME = "$(TARGET_NAME:c99extidentifier)";
				SKIP_INSTALL = YES;
				SUPPORTS_MACCATALYST = NO;
				SWIFT_EMIT_LOC_STRINGS = YES;
				SWIFT_VERSION = 5.0;
				TARGETED_DEVICE_FAMILY = "1,2";
				VERSIONING_SYSTEM = "apple-generic";
				VERSION_INFO_PREFIX = "";
			};
			name = Release;
		};
/* End XCBuildConfiguration section */

/* Begin XCConfigurationList section */
		552670E3271D49DB001DB1A0 /* Build configuration list for PBXNativeTarget "UITests" */ = {
			isa = XCConfigurationList;
			buildConfigurations = (
				552670E1271D49DB001DB1A0 /* Debug */,
				552670E2271D49DB001DB1A0 /* Release */,
			);
			defaultConfigurationIsVisible = 0;
			defaultConfigurationName = Release;
		};
		553201422705BF6000D3EDE7 /* Build configuration list for PBXProject "Flashcards" */ = {
			isa = XCConfigurationList;
			buildConfigurations = (
				553201692705BF6200D3EDE7 /* Debug */,
				5532016A2705BF6200D3EDE7 /* Release */,
			);
			defaultConfigurationIsVisible = 0;
			defaultConfigurationName = Release;
		};
		5532016B2705BF6200D3EDE7 /* Build configuration list for PBXNativeTarget "Flashcards" */ = {
			isa = XCConfigurationList;
			buildConfigurations = (
				5532016C2705BF6200D3EDE7 /* Debug */,
				5532016D2705BF6200D3EDE7 /* Release */,
			);
			defaultConfigurationIsVisible = 0;
			defaultConfigurationName = Release;
		};
		5532016E2705BF6200D3EDE7 /* Build configuration list for PBXNativeTarget "FlashcardsTests" */ = {
			isa = XCConfigurationList;
			buildConfigurations = (
				5532016F2705BF6200D3EDE7 /* Debug */,
				553201702705BF6200D3EDE7 /* Release */,
			);
			defaultConfigurationIsVisible = 0;
			defaultConfigurationName = Release;
		};
		554B4294271E05A3003E1ED8 /* Build configuration list for PBXNativeTarget "CommonTests" */ = {
			isa = XCConfigurationList;
			buildConfigurations = (
				554B4295271E05A3003E1ED8 /* Debug */,
				554B4296271E05A3003E1ED8 /* Release */,
			);
			defaultConfigurationIsVisible = 0;
			defaultConfigurationName = Release;
		};
		554B42C4271ED62D003E1ED8 /* Build configuration list for PBXNativeTarget "FlashcardsRedux" */ = {
			isa = XCConfigurationList;
			buildConfigurations = (
				554B42C5271ED62D003E1ED8 /* Debug */,
				554B42C6271ED62D003E1ED8 /* Release */,
			);
			defaultConfigurationIsVisible = 0;
			defaultConfigurationName = Release;
		};
		554B42C7271ED62D003E1ED8 /* Build configuration list for PBXNativeTarget "FlashcardsReduxTests" */ = {
			isa = XCConfigurationList;
			buildConfigurations = (
				554B42C8271ED62D003E1ED8 /* Debug */,
				554B42C9271ED62D003E1ED8 /* Release */,
			);
			defaultConfigurationIsVisible = 0;
			defaultConfigurationName = Release;
		};
		554B42CA271ED62D003E1ED8 /* Build configuration list for PBXNativeTarget "FlashcardsReduxUITests" */ = {
			isa = XCConfigurationList;
			buildConfigurations = (
				554B42CB271ED62D003E1ED8 /* Debug */,
				554B42CC271ED62D003E1ED8 /* Release */,
			);
			defaultConfigurationIsVisible = 0;
			defaultConfigurationName = Release;
		};
		55517B1E271C5476005C8D12 /* Build configuration list for PBXNativeTarget "UI" */ = {
			isa = XCConfigurationList;
			buildConfigurations = (
				55517B1A271C5476005C8D12 /* Debug */,
				55517B1B271C5476005C8D12 /* Release */,
			);
			defaultConfigurationIsVisible = 0;
			defaultConfigurationName = Release;
		};
		55517B37271C568F005C8D12 /* Build configuration list for PBXNativeTarget "Common" */ = {
			isa = XCConfigurationList;
			buildConfigurations = (
				55517B38271C568F005C8D12 /* Debug */,
				55517B39271C568F005C8D12 /* Release */,
			);
			defaultConfigurationIsVisible = 0;
			defaultConfigurationName = Release;
		};
/* End XCConfigurationList section */

/* Begin XCRemoteSwiftPackageReference section */
		5580C855270E2DF00002E67C /* XCRemoteSwiftPackageReference "Quick" */ = {
			isa = XCRemoteSwiftPackageReference;
			repositoryURL = "https://github.com/Quick/Quick";
			requirement = {
				kind = upToNextMajorVersion;
				minimumVersion = 4.0.0;
			};
		};
		5580C858270E2E030002E67C /* XCRemoteSwiftPackageReference "Nimble" */ = {
			isa = XCRemoteSwiftPackageReference;
			repositoryURL = "https://github.com/Quick/Nimble";
			requirement = {
				kind = upToNextMajorVersion;
				minimumVersion = 9.0.0;
			};
		};
		D10BFFB727109DCF00E8957E /* XCRemoteSwiftPackageReference "firebase-ios-sdk" */ = {
			isa = XCRemoteSwiftPackageReference;
			repositoryURL = "https://github.com/firebase/firebase-ios-sdk.git";
			requirement = {
				kind = upToNextMajorVersion;
				minimumVersion = 8.0.0;
			};
		};
/* End XCRemoteSwiftPackageReference section */

/* Begin XCSwiftPackageProductDependency section */
		552670E6271D4A4B001DB1A0 /* Quick */ = {
			isa = XCSwiftPackageProductDependency;
			package = 5580C855270E2DF00002E67C /* XCRemoteSwiftPackageReference "Quick" */;
			productName = Quick;
		};
		552670E8271D4A4B001DB1A0 /* Nimble */ = {
			isa = XCSwiftPackageProductDependency;
			package = 5580C858270E2E030002E67C /* XCRemoteSwiftPackageReference "Nimble" */;
			productName = Nimble;
		};
		554B4297271E05BE003E1ED8 /* Quick */ = {
			isa = XCSwiftPackageProductDependency;
			package = 5580C855270E2DF00002E67C /* XCRemoteSwiftPackageReference "Quick" */;
			productName = Quick;
		};
		554B4299271E05BE003E1ED8 /* Nimble */ = {
			isa = XCSwiftPackageProductDependency;
			package = 5580C858270E2E030002E67C /* XCRemoteSwiftPackageReference "Nimble" */;
			productName = Nimble;
		};
		55517B42271C581C005C8D12 /* FirebaseFirestore */ = {
			isa = XCSwiftPackageProductDependency;
			package = D10BFFB727109DCF00E8957E /* XCRemoteSwiftPackageReference "firebase-ios-sdk" */;
			productName = FirebaseFirestore;
		};
		55517B44271C581C005C8D12 /* FirebaseFirestoreSwift-Beta */ = {
			isa = XCSwiftPackageProductDependency;
			package = D10BFFB727109DCF00E8957E /* XCRemoteSwiftPackageReference "firebase-ios-sdk" */;
			productName = "FirebaseFirestoreSwift-Beta";
		};
		5580C85C270E2E130002E67C /* Nimble */ = {
			isa = XCSwiftPackageProductDependency;
			package = 5580C858270E2E030002E67C /* XCRemoteSwiftPackageReference "Nimble" */;
			productName = Nimble;
		};
		5580C85E270E2E160002E67C /* Quick */ = {
			isa = XCSwiftPackageProductDependency;
			package = 5580C855270E2DF00002E67C /* XCRemoteSwiftPackageReference "Quick" */;
			productName = Quick;
		};
/* End XCSwiftPackageProductDependency section */
	};
	rootObject = 5532013F2705BF6000D3EDE7 /* Project object */;
}
