// !$*UTF8*$!
{
	archiveVersion = 1;
	classes = {
	};
	objectVersion = 55;
	objects = {

/* Begin PBXBuildFile section */
		5532014B2705BF6000D3EDE7 /* FlashcardsApp.swift in Sources */ = {isa = PBXBuildFile; fileRef = 5532014A2705BF6000D3EDE7 /* FlashcardsApp.swift */; };
		5532014D2705BF6000D3EDE7 /* ContentView.swift in Sources */ = {isa = PBXBuildFile; fileRef = 5532014C2705BF6000D3EDE7 /* ContentView.swift */; };
		5532014F2705BF6200D3EDE7 /* Assets.xcassets in Resources */ = {isa = PBXBuildFile; fileRef = 5532014E2705BF6200D3EDE7 /* Assets.xcassets */; };
		553201522705BF6200D3EDE7 /* Preview Assets.xcassets in Resources */ = {isa = PBXBuildFile; fileRef = 553201512705BF6200D3EDE7 /* Preview Assets.xcassets */; };
		553201662705BF6200D3EDE7 /* FlashcardsUITests.swift in Sources */ = {isa = PBXBuildFile; fileRef = 553201652705BF6200D3EDE7 /* FlashcardsUITests.swift */; };
		553201682705BF6200D3EDE7 /* FlashcardsUITestsLaunchTests.swift in Sources */ = {isa = PBXBuildFile; fileRef = 553201672705BF6200D3EDE7 /* FlashcardsUITestsLaunchTests.swift */; };
		553201752706859500D3EDE7 /* CardView.swift in Sources */ = {isa = PBXBuildFile; fileRef = 553201742706859500D3EDE7 /* CardView.swift */; };
		5580C85D270E2E130002E67C /* Nimble in Frameworks */ = {isa = PBXBuildFile; productRef = 5580C85C270E2E130002E67C /* Nimble */; };
		5580C85F270E2E160002E67C /* Quick in Frameworks */ = {isa = PBXBuildFile; productRef = 5580C85E270E2E160002E67C /* Quick */; };
		5580C861270E2EB20002E67C /* DeckViewViewModelTests.swift in Sources */ = {isa = PBXBuildFile; fileRef = 5580C860270E2EB20002E67C /* DeckViewViewModelTests.swift */; };
		55C789DC270DF28100056583 /* FlashcardModel.swift in Sources */ = {isa = PBXBuildFile; fileRef = 55C789DB270DF28100056583 /* FlashcardModel.swift */; };
		55C789DF270DF2A100056583 /* FlashcardService.swift in Sources */ = {isa = PBXBuildFile; fileRef = 55C789DE270DF2A100056583 /* FlashcardService.swift */; };
		55C789E2270DF2F700056583 /* FlashcardRepository.swift in Sources */ = {isa = PBXBuildFile; fileRef = 55C789E1270DF2F700056583 /* FlashcardRepository.swift */; };
		55C789E4270DF3A600056583 /* DeckView.swift in Sources */ = {isa = PBXBuildFile; fileRef = 55C789E3270DF3A600056583 /* DeckView.swift */; };
		55F7036F2707068F00F4BE51 /* FlashcardView.swift in Sources */ = {isa = PBXBuildFile; fileRef = 55F7036E2707068F00F4BE51 /* FlashcardView.swift */; };
/* End PBXBuildFile section */

/* Begin PBXContainerItemProxy section */
		553201582705BF6200D3EDE7 /* PBXContainerItemProxy */ = {
			isa = PBXContainerItemProxy;
			containerPortal = 5532013F2705BF6000D3EDE7 /* Project object */;
			proxyType = 1;
			remoteGlobalIDString = 553201462705BF6000D3EDE7;
			remoteInfo = Flashcards;
		};
		553201622705BF6200D3EDE7 /* PBXContainerItemProxy */ = {
			isa = PBXContainerItemProxy;
			containerPortal = 5532013F2705BF6000D3EDE7 /* Project object */;
			proxyType = 1;
			remoteGlobalIDString = 553201462705BF6000D3EDE7;
			remoteInfo = Flashcards;
		};
/* End PBXContainerItemProxy section */

/* Begin PBXFileReference section */
		553201472705BF6000D3EDE7 /* Flashcards.app */ = {isa = PBXFileReference; explicitFileType = wrapper.application; includeInIndex = 0; path = Flashcards.app; sourceTree = BUILT_PRODUCTS_DIR; };
		5532014A2705BF6000D3EDE7 /* FlashcardsApp.swift */ = {isa = PBXFileReference; lastKnownFileType = sourcecode.swift; path = FlashcardsApp.swift; sourceTree = "<group>"; };
		5532014C2705BF6000D3EDE7 /* ContentView.swift */ = {isa = PBXFileReference; lastKnownFileType = sourcecode.swift; path = ContentView.swift; sourceTree = "<group>"; };
		5532014E2705BF6200D3EDE7 /* Assets.xcassets */ = {isa = PBXFileReference; lastKnownFileType = folder.assetcatalog; path = Assets.xcassets; sourceTree = "<group>"; };
		553201512705BF6200D3EDE7 /* Preview Assets.xcassets */ = {isa = PBXFileReference; lastKnownFileType = folder.assetcatalog; path = "Preview Assets.xcassets"; sourceTree = "<group>"; };
		553201572705BF6200D3EDE7 /* FlashcardsTests.xctest */ = {isa = PBXFileReference; explicitFileType = wrapper.cfbundle; includeInIndex = 0; path = FlashcardsTests.xctest; sourceTree = BUILT_PRODUCTS_DIR; };
		553201612705BF6200D3EDE7 /* FlashcardsUITests.xctest */ = {isa = PBXFileReference; explicitFileType = wrapper.cfbundle; includeInIndex = 0; path = FlashcardsUITests.xctest; sourceTree = BUILT_PRODUCTS_DIR; };
		553201652705BF6200D3EDE7 /* FlashcardsUITests.swift */ = {isa = PBXFileReference; lastKnownFileType = sourcecode.swift; path = FlashcardsUITests.swift; sourceTree = "<group>"; };
		553201672705BF6200D3EDE7 /* FlashcardsUITestsLaunchTests.swift */ = {isa = PBXFileReference; lastKnownFileType = sourcecode.swift; path = FlashcardsUITestsLaunchTests.swift; sourceTree = "<group>"; };
		553201742706859500D3EDE7 /* CardView.swift */ = {isa = PBXFileReference; lastKnownFileType = sourcecode.swift; path = CardView.swift; sourceTree = "<group>"; };
		5580C860270E2EB20002E67C /* DeckViewViewModelTests.swift */ = {isa = PBXFileReference; lastKnownFileType = sourcecode.swift; path = DeckViewViewModelTests.swift; sourceTree = "<group>"; };
		55C789DB270DF28100056583 /* FlashcardModel.swift */ = {isa = PBXFileReference; lastKnownFileType = sourcecode.swift; path = FlashcardModel.swift; sourceTree = "<group>"; };
		55C789DE270DF2A100056583 /* FlashcardService.swift */ = {isa = PBXFileReference; lastKnownFileType = sourcecode.swift; path = FlashcardService.swift; sourceTree = "<group>"; };
		55C789E1270DF2F700056583 /* FlashcardRepository.swift */ = {isa = PBXFileReference; lastKnownFileType = sourcecode.swift; path = FlashcardRepository.swift; sourceTree = "<group>"; };
		55C789E3270DF3A600056583 /* DeckView.swift */ = {isa = PBXFileReference; lastKnownFileType = sourcecode.swift; path = DeckView.swift; sourceTree = "<group>"; };
		55F7036E2707068F00F4BE51 /* FlashcardView.swift */ = {isa = PBXFileReference; lastKnownFileType = sourcecode.swift; path = FlashcardView.swift; sourceTree = "<group>"; };
/* End PBXFileReference section */

/* Begin PBXFrameworksBuildPhase section */
		553201442705BF6000D3EDE7 /* Frameworks */ = {
			isa = PBXFrameworksBuildPhase;
			buildActionMask = 2147483647;
			files = (
			);
			runOnlyForDeploymentPostprocessing = 0;
		};
		553201542705BF6200D3EDE7 /* Frameworks */ = {
			isa = PBXFrameworksBuildPhase;
			buildActionMask = 2147483647;
			files = (
				5580C85F270E2E160002E67C /* Quick in Frameworks */,
				5580C85D270E2E130002E67C /* Nimble in Frameworks */,
			);
			runOnlyForDeploymentPostprocessing = 0;
		};
		5532015E2705BF6200D3EDE7 /* Frameworks */ = {
			isa = PBXFrameworksBuildPhase;
			buildActionMask = 2147483647;
			files = (
			);
			runOnlyForDeploymentPostprocessing = 0;
		};
/* End PBXFrameworksBuildPhase section */

/* Begin PBXGroup section */
		5532013E2705BF6000D3EDE7 = {
			isa = PBXGroup;
			children = (
				553201492705BF6000D3EDE7 /* Flashcards */,
				5532015A2705BF6200D3EDE7 /* FlashcardsTests */,
				553201642705BF6200D3EDE7 /* FlashcardsUITests */,
				553201482705BF6000D3EDE7 /* Products */,
				5580C85B270E2E130002E67C /* Frameworks */,
			);
			sourceTree = "<group>";
		};
		553201482705BF6000D3EDE7 /* Products */ = {
			isa = PBXGroup;
			children = (
				553201472705BF6000D3EDE7 /* Flashcards.app */,
				553201572705BF6200D3EDE7 /* FlashcardsTests.xctest */,
				553201612705BF6200D3EDE7 /* FlashcardsUITests.xctest */,
			);
			name = Products;
			sourceTree = "<group>";
		};
		553201492705BF6000D3EDE7 /* Flashcards */ = {
			isa = PBXGroup;
			children = (
				55C789E0270DF2D100056583 /* Repositories */,
				55C789DD270DF29300056583 /* Services */,
				55C789DA270DF26500056583 /* Models */,
				55F703702708844700F4BE51 /* Views */,
				5532014A2705BF6000D3EDE7 /* FlashcardsApp.swift */,
				5532014E2705BF6200D3EDE7 /* Assets.xcassets */,
				553201502705BF6200D3EDE7 /* Preview Content */,
			);
			path = Flashcards;
			sourceTree = "<group>";
		};
		553201502705BF6200D3EDE7 /* Preview Content */ = {
			isa = PBXGroup;
			children = (
				553201512705BF6200D3EDE7 /* Preview Assets.xcassets */,
			);
			path = "Preview Content";
			sourceTree = "<group>";
		};
		5532015A2705BF6200D3EDE7 /* FlashcardsTests */ = {
			isa = PBXGroup;
			children = (
				5580C860270E2EB20002E67C /* DeckViewViewModelTests.swift */,
			);
			path = FlashcardsTests;
			sourceTree = "<group>";
		};
		553201642705BF6200D3EDE7 /* FlashcardsUITests */ = {
			isa = PBXGroup;
			children = (
				553201652705BF6200D3EDE7 /* FlashcardsUITests.swift */,
				553201672705BF6200D3EDE7 /* FlashcardsUITestsLaunchTests.swift */,
			);
			path = FlashcardsUITests;
			sourceTree = "<group>";
		};
		5580C85B270E2E130002E67C /* Frameworks */ = {
			isa = PBXGroup;
			children = (
			);
			name = Frameworks;
			sourceTree = "<group>";
		};
		55C789DA270DF26500056583 /* Models */ = {
			isa = PBXGroup;
			children = (
				55C789DB270DF28100056583 /* FlashcardModel.swift */,
			);
			path = Models;
			sourceTree = "<group>";
		};
		55C789DD270DF29300056583 /* Services */ = {
			isa = PBXGroup;
			children = (
				55C789DE270DF2A100056583 /* FlashcardService.swift */,
			);
			path = Services;
			sourceTree = "<group>";
		};
		55C789E0270DF2D100056583 /* Repositories */ = {
			isa = PBXGroup;
			children = (
				55C789E1270DF2F700056583 /* FlashcardRepository.swift */,
			);
			path = Repositories;
			sourceTree = "<group>";
		};
		55F703702708844700F4BE51 /* Views */ = {
			isa = PBXGroup;
			children = (
				5532014C2705BF6000D3EDE7 /* ContentView.swift */,
				553201742706859500D3EDE7 /* CardView.swift */,
				55F7036E2707068F00F4BE51 /* FlashcardView.swift */,
				55C789E3270DF3A600056583 /* DeckView.swift */,
			);
			path = Views;
			sourceTree = "<group>";
		};
/* End PBXGroup section */

/* Begin PBXNativeTarget section */
		553201462705BF6000D3EDE7 /* Flashcards */ = {
			isa = PBXNativeTarget;
			buildConfigurationList = 5532016B2705BF6200D3EDE7 /* Build configuration list for PBXNativeTarget "Flashcards" */;
			buildPhases = (
				553201432705BF6000D3EDE7 /* Sources */,
				553201442705BF6000D3EDE7 /* Frameworks */,
				553201452705BF6000D3EDE7 /* Resources */,
			);
			buildRules = (
			);
			dependencies = (
			);
			name = Flashcards;
			packageProductDependencies = (
			);
			productName = Flashcards;
			productReference = 553201472705BF6000D3EDE7 /* Flashcards.app */;
			productType = "com.apple.product-type.application";
		};
		553201562705BF6200D3EDE7 /* FlashcardsTests */ = {
			isa = PBXNativeTarget;
			buildConfigurationList = 5532016E2705BF6200D3EDE7 /* Build configuration list for PBXNativeTarget "FlashcardsTests" */;
			buildPhases = (
				553201532705BF6200D3EDE7 /* Sources */,
				553201542705BF6200D3EDE7 /* Frameworks */,
				553201552705BF6200D3EDE7 /* Resources */,
			);
			buildRules = (
			);
			dependencies = (
				553201592705BF6200D3EDE7 /* PBXTargetDependency */,
			);
			name = FlashcardsTests;
			packageProductDependencies = (
				5580C85C270E2E130002E67C /* Nimble */,
				5580C85E270E2E160002E67C /* Quick */,
			);
			productName = FlashcardsTests;
			productReference = 553201572705BF6200D3EDE7 /* FlashcardsTests.xctest */;
			productType = "com.apple.product-type.bundle.unit-test";
		};
		553201602705BF6200D3EDE7 /* FlashcardsUITests */ = {
			isa = PBXNativeTarget;
			buildConfigurationList = 553201712705BF6200D3EDE7 /* Build configuration list for PBXNativeTarget "FlashcardsUITests" */;
			buildPhases = (
				5532015D2705BF6200D3EDE7 /* Sources */,
				5532015E2705BF6200D3EDE7 /* Frameworks */,
				5532015F2705BF6200D3EDE7 /* Resources */,
			);
			buildRules = (
			);
			dependencies = (
				553201632705BF6200D3EDE7 /* PBXTargetDependency */,
			);
			name = FlashcardsUITests;
			productName = FlashcardsUITests;
			productReference = 553201612705BF6200D3EDE7 /* FlashcardsUITests.xctest */;
			productType = "com.apple.product-type.bundle.ui-testing";
		};
/* End PBXNativeTarget section */

/* Begin PBXProject section */
		5532013F2705BF6000D3EDE7 /* Project object */ = {
			isa = PBXProject;
			attributes = {
				BuildIndependentTargetsInParallel = 1;
				LastSwiftUpdateCheck = 1300;
				LastUpgradeCheck = 1300;
				TargetAttributes = {
					553201462705BF6000D3EDE7 = {
						CreatedOnToolsVersion = 13.0;
					};
					553201562705BF6200D3EDE7 = {
						CreatedOnToolsVersion = 13.0;
						TestTargetID = 553201462705BF6000D3EDE7;
					};
					553201602705BF6200D3EDE7 = {
						CreatedOnToolsVersion = 13.0;
						TestTargetID = 553201462705BF6000D3EDE7;
					};
				};
			};
			buildConfigurationList = 553201422705BF6000D3EDE7 /* Build configuration list for PBXProject "Flashcards" */;
			compatibilityVersion = "Xcode 13.0";
			developmentRegion = en;
			hasScannedForEncodings = 0;
			knownRegions = (
				en,
				Base,
			);
			mainGroup = 5532013E2705BF6000D3EDE7;
			packageReferences = (
				5580C855270E2DF00002E67C /* XCRemoteSwiftPackageReference "Quick" */,
				5580C858270E2E030002E67C /* XCRemoteSwiftPackageReference "Nimble" */,
			);
			productRefGroup = 553201482705BF6000D3EDE7 /* Products */;
			projectDirPath = "";
			projectRoot = "";
			targets = (
				553201462705BF6000D3EDE7 /* Flashcards */,
				553201562705BF6200D3EDE7 /* FlashcardsTests */,
				553201602705BF6200D3EDE7 /* FlashcardsUITests */,
			);
		};
/* End PBXProject section */

/* Begin PBXResourcesBuildPhase section */
		553201452705BF6000D3EDE7 /* Resources */ = {
			isa = PBXResourcesBuildPhase;
			buildActionMask = 2147483647;
			files = (
				553201522705BF6200D3EDE7 /* Preview Assets.xcassets in Resources */,
				5532014F2705BF6200D3EDE7 /* Assets.xcassets in Resources */,
			);
			runOnlyForDeploymentPostprocessing = 0;
		};
		553201552705BF6200D3EDE7 /* Resources */ = {
			isa = PBXResourcesBuildPhase;
			buildActionMask = 2147483647;
			files = (
			);
			runOnlyForDeploymentPostprocessing = 0;
		};
		5532015F2705BF6200D3EDE7 /* Resources */ = {
			isa = PBXResourcesBuildPhase;
			buildActionMask = 2147483647;
			files = (
			);
			runOnlyForDeploymentPostprocessing = 0;
		};
/* End PBXResourcesBuildPhase section */

/* Begin PBXSourcesBuildPhase section */
		553201432705BF6000D3EDE7 /* Sources */ = {
			isa = PBXSourcesBuildPhase;
			buildActionMask = 2147483647;
			files = (
				55C789DC270DF28100056583 /* FlashcardModel.swift in Sources */,
				55C789E2270DF2F700056583 /* FlashcardRepository.swift in Sources */,
				5532014D2705BF6000D3EDE7 /* ContentView.swift in Sources */,
				55C789E4270DF3A600056583 /* DeckView.swift in Sources */,
				553201752706859500D3EDE7 /* CardView.swift in Sources */,
				5532014B2705BF6000D3EDE7 /* FlashcardsApp.swift in Sources */,
				55C789DF270DF2A100056583 /* FlashcardService.swift in Sources */,
				55F7036F2707068F00F4BE51 /* FlashcardView.swift in Sources */,
			);
			runOnlyForDeploymentPostprocessing = 0;
		};
		553201532705BF6200D3EDE7 /* Sources */ = {
			isa = PBXSourcesBuildPhase;
			buildActionMask = 2147483647;
			files = (
				5580C861270E2EB20002E67C /* DeckViewViewModelTests.swift in Sources */,
			);
			runOnlyForDeploymentPostprocessing = 0;
		};
		5532015D2705BF6200D3EDE7 /* Sources */ = {
			isa = PBXSourcesBuildPhase;
			buildActionMask = 2147483647;
			files = (
				553201662705BF6200D3EDE7 /* FlashcardsUITests.swift in Sources */,
				553201682705BF6200D3EDE7 /* FlashcardsUITestsLaunchTests.swift in Sources */,
			);
			runOnlyForDeploymentPostprocessing = 0;
		};
/* End PBXSourcesBuildPhase section */

/* Begin PBXTargetDependency section */
		553201592705BF6200D3EDE7 /* PBXTargetDependency */ = {
			isa = PBXTargetDependency;
			target = 553201462705BF6000D3EDE7 /* Flashcards */;
			targetProxy = 553201582705BF6200D3EDE7 /* PBXContainerItemProxy */;
		};
		553201632705BF6200D3EDE7 /* PBXTargetDependency */ = {
			isa = PBXTargetDependency;
			target = 553201462705BF6000D3EDE7 /* Flashcards */;
			targetProxy = 553201622705BF6200D3EDE7 /* PBXContainerItemProxy */;
		};
/* End PBXTargetDependency section */

/* Begin XCBuildConfiguration section */
		553201692705BF6200D3EDE7 /* Debug */ = {
			isa = XCBuildConfiguration;
			buildSettings = {
				ALWAYS_SEARCH_USER_PATHS = NO;
				CLANG_ANALYZER_NONNULL = YES;
				CLANG_ANALYZER_NUMBER_OBJECT_CONVERSION = YES_AGGRESSIVE;
				CLANG_CXX_LANGUAGE_STANDARD = "gnu++17";
				CLANG_CXX_LIBRARY = "libc++";
				CLANG_ENABLE_MODULES = YES;
				CLANG_ENABLE_OBJC_ARC = YES;
				CLANG_ENABLE_OBJC_WEAK = YES;
				CLANG_WARN_BLOCK_CAPTURE_AUTORELEASING = YES;
				CLANG_WARN_BOOL_CONVERSION = YES;
				CLANG_WARN_COMMA = YES;
				CLANG_WARN_CONSTANT_CONVERSION = YES;
				CLANG_WARN_DEPRECATED_OBJC_IMPLEMENTATIONS = YES;
				CLANG_WARN_DIRECT_OBJC_ISA_USAGE = YES_ERROR;
				CLANG_WARN_DOCUMENTATION_COMMENTS = YES;
				CLANG_WARN_EMPTY_BODY = YES;
				CLANG_WARN_ENUM_CONVERSION = YES;
				CLANG_WARN_INFINITE_RECURSION = YES;
				CLANG_WARN_INT_CONVERSION = YES;
				CLANG_WARN_NON_LITERAL_NULL_CONVERSION = YES;
				CLANG_WARN_OBJC_IMPLICIT_RETAIN_SELF = YES;
				CLANG_WARN_OBJC_LITERAL_CONVERSION = YES;
				CLANG_WARN_OBJC_ROOT_CLASS = YES_ERROR;
				CLANG_WARN_QUOTED_INCLUDE_IN_FRAMEWORK_HEADER = YES;
				CLANG_WARN_RANGE_LOOP_ANALYSIS = YES;
				CLANG_WARN_STRICT_PROTOTYPES = YES;
				CLANG_WARN_SUSPICIOUS_MOVE = YES;
				CLANG_WARN_UNGUARDED_AVAILABILITY = YES_AGGRESSIVE;
				CLANG_WARN_UNREACHABLE_CODE = YES;
				CLANG_WARN__DUPLICATE_METHOD_MATCH = YES;
				COPY_PHASE_STRIP = NO;
				DEBUG_INFORMATION_FORMAT = dwarf;
				ENABLE_STRICT_OBJC_MSGSEND = YES;
				ENABLE_TESTABILITY = YES;
				GCC_C_LANGUAGE_STANDARD = gnu11;
				GCC_DYNAMIC_NO_PIC = NO;
				GCC_NO_COMMON_BLOCKS = YES;
				GCC_OPTIMIZATION_LEVEL = 0;
				GCC_PREPROCESSOR_DEFINITIONS = (
					"DEBUG=1",
					"$(inherited)",
				);
				GCC_WARN_64_TO_32_BIT_CONVERSION = YES;
				GCC_WARN_ABOUT_RETURN_TYPE = YES_ERROR;
				GCC_WARN_UNDECLARED_SELECTOR = YES;
				GCC_WARN_UNINITIALIZED_AUTOS = YES_AGGRESSIVE;
				GCC_WARN_UNUSED_FUNCTION = YES;
				GCC_WARN_UNUSED_VARIABLE = YES;
				IPHONEOS_DEPLOYMENT_TARGET = 15.0;
				MTL_ENABLE_DEBUG_INFO = INCLUDE_SOURCE;
				MTL_FAST_MATH = YES;
				ONLY_ACTIVE_ARCH = YES;
				SDKROOT = iphoneos;
				SWIFT_ACTIVE_COMPILATION_CONDITIONS = DEBUG;
				SWIFT_OPTIMIZATION_LEVEL = "-Onone";
			};
			name = Debug;
		};
		5532016A2705BF6200D3EDE7 /* Release */ = {
			isa = XCBuildConfiguration;
			buildSettings = {
				ALWAYS_SEARCH_USER_PATHS = NO;
				CLANG_ANALYZER_NONNULL = YES;
				CLANG_ANALYZER_NUMBER_OBJECT_CONVERSION = YES_AGGRESSIVE;
				CLANG_CXX_LANGUAGE_STANDARD = "gnu++17";
				CLANG_CXX_LIBRARY = "libc++";
				CLANG_ENABLE_MODULES = YES;
				CLANG_ENABLE_OBJC_ARC = YES;
				CLANG_ENABLE_OBJC_WEAK = YES;
				CLANG_WARN_BLOCK_CAPTURE_AUTORELEASING = YES;
				CLANG_WARN_BOOL_CONVERSION = YES;
				CLANG_WARN_COMMA = YES;
				CLANG_WARN_CONSTANT_CONVERSION = YES;
				CLANG_WARN_DEPRECATED_OBJC_IMPLEMENTATIONS = YES;
				CLANG_WARN_DIRECT_OBJC_ISA_USAGE = YES_ERROR;
				CLANG_WARN_DOCUMENTATION_COMMENTS = YES;
				CLANG_WARN_EMPTY_BODY = YES;
				CLANG_WARN_ENUM_CONVERSION = YES;
				CLANG_WARN_INFINITE_RECURSION = YES;
				CLANG_WARN_INT_CONVERSION = YES;
				CLANG_WARN_NON_LITERAL_NULL_CONVERSION = YES;
				CLANG_WARN_OBJC_IMPLICIT_RETAIN_SELF = YES;
				CLANG_WARN_OBJC_LITERAL_CONVERSION = YES;
				CLANG_WARN_OBJC_ROOT_CLASS = YES_ERROR;
				CLANG_WARN_QUOTED_INCLUDE_IN_FRAMEWORK_HEADER = YES;
				CLANG_WARN_RANGE_LOOP_ANALYSIS = YES;
				CLANG_WARN_STRICT_PROTOTYPES = YES;
				CLANG_WARN_SUSPICIOUS_MOVE = YES;
				CLANG_WARN_UNGUARDED_AVAILABILITY = YES_AGGRESSIVE;
				CLANG_WARN_UNREACHABLE_CODE = YES;
				CLANG_WARN__DUPLICATE_METHOD_MATCH = YES;
				COPY_PHASE_STRIP = NO;
				DEBUG_INFORMATION_FORMAT = "dwarf-with-dsym";
				ENABLE_NS_ASSERTIONS = NO;
				ENABLE_STRICT_OBJC_MSGSEND = YES;
				GCC_C_LANGUAGE_STANDARD = gnu11;
				GCC_NO_COMMON_BLOCKS = YES;
				GCC_WARN_64_TO_32_BIT_CONVERSION = YES;
				GCC_WARN_ABOUT_RETURN_TYPE = YES_ERROR;
				GCC_WARN_UNDECLARED_SELECTOR = YES;
				GCC_WARN_UNINITIALIZED_AUTOS = YES_AGGRESSIVE;
				GCC_WARN_UNUSED_FUNCTION = YES;
				GCC_WARN_UNUSED_VARIABLE = YES;
				IPHONEOS_DEPLOYMENT_TARGET = 15.0;
				MTL_ENABLE_DEBUG_INFO = NO;
				MTL_FAST_MATH = YES;
				SDKROOT = iphoneos;
				SWIFT_COMPILATION_MODE = wholemodule;
				SWIFT_OPTIMIZATION_LEVEL = "-O";
				VALIDATE_PRODUCT = YES;
			};
			name = Release;
		};
		5532016C2705BF6200D3EDE7 /* Debug */ = {
			isa = XCBuildConfiguration;
			buildSettings = {
				ASSETCATALOG_COMPILER_APPICON_NAME = AppIcon;
				ASSETCATALOG_COMPILER_GLOBAL_ACCENT_COLOR_NAME = AccentColor;
				CODE_SIGN_STYLE = Automatic;
				CURRENT_PROJECT_VERSION = 1;
				DEVELOPMENT_ASSET_PATHS = "\"Flashcards/Preview Content\"";
				DEVELOPMENT_TEAM = 6Y485Z3XGX;
				ENABLE_PREVIEWS = YES;
				GENERATE_INFOPLIST_FILE = YES;
				INFOPLIST_KEY_UIApplicationSceneManifest_Generation = YES;
				INFOPLIST_KEY_UIApplicationSupportsIndirectInputEvents = YES;
				INFOPLIST_KEY_UILaunchScreen_Generation = YES;
				INFOPLIST_KEY_UISupportedInterfaceOrientations_iPad = "UIInterfaceOrientationPortrait UIInterfaceOrientationPortraitUpsideDown UIInterfaceOrientationLandscapeLeft UIInterfaceOrientationLandscapeRight";
				INFOPLIST_KEY_UISupportedInterfaceOrientations_iPhone = "UIInterfaceOrientationPortrait UIInterfaceOrientationLandscapeLeft UIInterfaceOrientationLandscapeRight";
				IPHONEOS_DEPLOYMENT_TARGET = 14.0;
				LD_RUNPATH_SEARCH_PATHS = (
					"$(inherited)",
					"@executable_path/Frameworks",
				);
				MARKETING_VERSION = 1.0;
				PRODUCT_BUNDLE_IDENTIFIER = com.learning.Flashcards;
				PRODUCT_NAME = "$(TARGET_NAME)";
				SWIFT_EMIT_LOC_STRINGS = YES;
				SWIFT_VERSION = 5.0;
				TARGETED_DEVICE_FAMILY = "1,2";
			};
			name = Debug;
		};
		5532016D2705BF6200D3EDE7 /* Release */ = {
			isa = XCBuildConfiguration;
			buildSettings = {
				ASSETCATALOG_COMPILER_APPICON_NAME = AppIcon;
				ASSETCATALOG_COMPILER_GLOBAL_ACCENT_COLOR_NAME = AccentColor;
				CODE_SIGN_STYLE = Automatic;
				CURRENT_PROJECT_VERSION = 1;
				DEVELOPMENT_ASSET_PATHS = "\"Flashcards/Preview Content\"";
				DEVELOPMENT_TEAM = 6Y485Z3XGX;
				ENABLE_PREVIEWS = YES;
				GENERATE_INFOPLIST_FILE = YES;
				INFOPLIST_KEY_UIApplicationSceneManifest_Generation = YES;
				INFOPLIST_KEY_UIApplicationSupportsIndirectInputEvents = YES;
				INFOPLIST_KEY_UILaunchScreen_Generation = YES;
				INFOPLIST_KEY_UISupportedInterfaceOrientations_iPad = "UIInterfaceOrientationPortrait UIInterfaceOrientationPortraitUpsideDown UIInterfaceOrientationLandscapeLeft UIInterfaceOrientationLandscapeRight";
				INFOPLIST_KEY_UISupportedInterfaceOrientations_iPhone = "UIInterfaceOrientationPortrait UIInterfaceOrientationLandscapeLeft UIInterfaceOrientationLandscapeRight";
				IPHONEOS_DEPLOYMENT_TARGET = 14.0;
				LD_RUNPATH_SEARCH_PATHS = (
					"$(inherited)",
					"@executable_path/Frameworks",
				);
				MARKETING_VERSION = 1.0;
				PRODUCT_BUNDLE_IDENTIFIER = com.learning.Flashcards;
				PRODUCT_NAME = "$(TARGET_NAME)";
				SWIFT_EMIT_LOC_STRINGS = YES;
				SWIFT_VERSION = 5.0;
				TARGETED_DEVICE_FAMILY = "1,2";
			};
			name = Release;
		};
		5532016F2705BF6200D3EDE7 /* Debug */ = {
			isa = XCBuildConfiguration;
			buildSettings = {
				ALWAYS_EMBED_SWIFT_STANDARD_LIBRARIES = YES;
				BUNDLE_LOADER = "$(TEST_HOST)";
				CODE_SIGN_STYLE = Automatic;
				CURRENT_PROJECT_VERSION = 1;
				DEVELOPMENT_TEAM = 7V77HPPE58;
				GENERATE_INFOPLIST_FILE = YES;
				IPHONEOS_DEPLOYMENT_TARGET = 14.0;
				LD_RUNPATH_SEARCH_PATHS = (
					"$(inherited)",
					"@executable_path/Frameworks",
					"@loader_path/Frameworks",
				);
				MARKETING_VERSION = 1.0;
				PRODUCT_BUNDLE_IDENTIFIER = com.yotam.ohayon.FlashcardsTests;
				PRODUCT_NAME = "$(TARGET_NAME)";
				SWIFT_EMIT_LOC_STRINGS = NO;
				SWIFT_VERSION = 5.0;
				TARGETED_DEVICE_FAMILY = "1,2";
				TEST_HOST = "$(BUILT_PRODUCTS_DIR)/Flashcards.app/Flashcards";
			};
			name = Debug;
		};
		553201702705BF6200D3EDE7 /* Release */ = {
			isa = XCBuildConfiguration;
			buildSettings = {
				ALWAYS_EMBED_SWIFT_STANDARD_LIBRARIES = YES;
				BUNDLE_LOADER = "$(TEST_HOST)";
				CODE_SIGN_STYLE = Automatic;
				CURRENT_PROJECT_VERSION = 1;
				DEVELOPMENT_TEAM = 7V77HPPE58;
				GENERATE_INFOPLIST_FILE = YES;
				IPHONEOS_DEPLOYMENT_TARGET = 14.0;
				LD_RUNPATH_SEARCH_PATHS = (
					"$(inherited)",
					"@executable_path/Frameworks",
					"@loader_path/Frameworks",
				);
				MARKETING_VERSION = 1.0;
				PRODUCT_BUNDLE_IDENTIFIER = com.yotam.ohayon.FlashcardsTests;
				PRODUCT_NAME = "$(TARGET_NAME)";
				SWIFT_EMIT_LOC_STRINGS = NO;
				SWIFT_VERSION = 5.0;
				TARGETED_DEVICE_FAMILY = "1,2";
				TEST_HOST = "$(BUILT_PRODUCTS_DIR)/Flashcards.app/Flashcards";
			};
			name = Release;
		};
		553201722705BF6200D3EDE7 /* Debug */ = {
			isa = XCBuildConfiguration;
			buildSettings = {
				ALWAYS_EMBED_SWIFT_STANDARD_LIBRARIES = YES;
				CODE_SIGN_STYLE = Automatic;
				CURRENT_PROJECT_VERSION = 1;
				DEVELOPMENT_TEAM = 7V77HPPE58;
				GENERATE_INFOPLIST_FILE = YES;
				LD_RUNPATH_SEARCH_PATHS = (
					"$(inherited)",
					"@executable_path/Frameworks",
					"@loader_path/Frameworks",
				);
				MARKETING_VERSION = 1.0;
				PRODUCT_BUNDLE_IDENTIFIER = com.yotam.ohayon.FlashcardsUITests;
				PRODUCT_NAME = "$(TARGET_NAME)";
				SWIFT_EMIT_LOC_STRINGS = NO;
				SWIFT_VERSION = 5.0;
				TARGETED_DEVICE_FAMILY = "1,2";
				TEST_TARGET_NAME = Flashcards;
			};
			name = Debug;
		};
		553201732705BF6200D3EDE7 /* Release */ = {
			isa = XCBuildConfiguration;
			buildSettings = {
				ALWAYS_EMBED_SWIFT_STANDARD_LIBRARIES = YES;
				CODE_SIGN_STYLE = Automatic;
				CURRENT_PROJECT_VERSION = 1;
				DEVELOPMENT_TEAM = 7V77HPPE58;
				GENERATE_INFOPLIST_FILE = YES;
				LD_RUNPATH_SEARCH_PATHS = (
					"$(inherited)",
					"@executable_path/Frameworks",
					"@loader_path/Frameworks",
				);
				MARKETING_VERSION = 1.0;
				PRODUCT_BUNDLE_IDENTIFIER = com.yotam.ohayon.FlashcardsUITests;
				PRODUCT_NAME = "$(TARGET_NAME)";
				SWIFT_EMIT_LOC_STRINGS = NO;
				SWIFT_VERSION = 5.0;
				TARGETED_DEVICE_FAMILY = "1,2";
				TEST_TARGET_NAME = Flashcards;
			};
			name = Release;
		};
/* End XCBuildConfiguration section */

/* Begin XCConfigurationList section */
		553201422705BF6000D3EDE7 /* Build configuration list for PBXProject "Flashcards" */ = {
			isa = XCConfigurationList;
			buildConfigurations = (
				553201692705BF6200D3EDE7 /* Debug */,
				5532016A2705BF6200D3EDE7 /* Release */,
			);
			defaultConfigurationIsVisible = 0;
			defaultConfigurationName = Release;
		};
		5532016B2705BF6200D3EDE7 /* Build configuration list for PBXNativeTarget "Flashcards" */ = {
			isa = XCConfigurationList;
			buildConfigurations = (
				5532016C2705BF6200D3EDE7 /* Debug */,
				5532016D2705BF6200D3EDE7 /* Release */,
			);
			defaultConfigurationIsVisible = 0;
			defaultConfigurationName = Release;
		};
		5532016E2705BF6200D3EDE7 /* Build configuration list for PBXNativeTarget "FlashcardsTests" */ = {
			isa = XCConfigurationList;
			buildConfigurations = (
				5532016F2705BF6200D3EDE7 /* Debug */,
				553201702705BF6200D3EDE7 /* Release */,
			);
			defaultConfigurationIsVisible = 0;
			defaultConfigurationName = Release;
		};
		553201712705BF6200D3EDE7 /* Build configuration list for PBXNativeTarget "FlashcardsUITests" */ = {
			isa = XCConfigurationList;
			buildConfigurations = (
				553201722705BF6200D3EDE7 /* Debug */,
				553201732705BF6200D3EDE7 /* Release */,
			);
			defaultConfigurationIsVisible = 0;
			defaultConfigurationName = Release;
		};
/* End XCConfigurationList section */

/* Begin XCRemoteSwiftPackageReference section */
		5580C855270E2DF00002E67C /* XCRemoteSwiftPackageReference "Quick" */ = {
			isa = XCRemoteSwiftPackageReference;
			repositoryURL = "https://github.com/Quick/Quick";
			requirement = {
				kind = upToNextMajorVersion;
				minimumVersion = 4.0.0;
			};
		};
		5580C858270E2E030002E67C /* XCRemoteSwiftPackageReference "Nimble" */ = {
			isa = XCRemoteSwiftPackageReference;
			repositoryURL = "https://github.com/Quick/Nimble";
			requirement = {
				kind = upToNextMajorVersion;
				minimumVersion = 9.0.0;
			};
		};
/* End XCRemoteSwiftPackageReference section */

/* Begin XCSwiftPackageProductDependency section */
		5580C85C270E2E130002E67C /* Nimble */ = {
			isa = XCSwiftPackageProductDependency;
			package = 5580C858270E2E030002E67C /* XCRemoteSwiftPackageReference "Nimble" */;
			productName = Nimble;
		};
		5580C85E270E2E160002E67C /* Quick */ = {
			isa = XCSwiftPackageProductDependency;
			package = 5580C855270E2DF00002E67C /* XCRemoteSwiftPackageReference "Quick" */;
			productName = Quick;
		};
/* End XCSwiftPackageProductDependency section */
	};
	rootObject = 5532013F2705BF6000D3EDE7 /* Project object */;
}
